crashpad_handler ae5b334b23ec1331b13086beb73bde8168f0b386 linux aarch64 crashpad_handler-ae5b334b23ec1331b13086beb73bde8168f0b386-linux-aarch64-ec9dba40f1d2.7z 35944fad46e7ca3cee17a0e971528558b05ff310b9805e521ea93067139bbf7b deps-20260624-143822
crashpad_handler ae5b334b23ec1331b13086beb73bde8168f0b386 linux x86_64 crashpad_handler-ae5b334b23ec1331b13086beb73bde8168f0b386-linux-x86_64-e27b5408ea33.7z 78e23d60a7218fec060a94c34027c269c9132c9d5e9b70c34bda986b2c4bbb2d deps-20260624-143822
crashpad_handler ae5b334b23ec1331b13086beb73bde8168f0b386 macos aarch64 crashpad_handler-ae5b334b23ec1331b13086beb73bde8168f0b386-macos-aarch64-5d9641fd5082.7z 55c5d282cddf3b27aaff118ae0a800a68296a322ce9b563401c17cfd9bcfb1ba deps-20260624-143822
crashpad_handler ae5b334b23ec1331b13086beb73bde8168f0b386 macos universal crashpad_handler-ae5b334b23ec1331b13086beb73bde8168f0b386-macos-universal-6ae9191b0996.7z 70e466ee4adcef9e971489d14264b22a816f6a729143e7424ad6e494bce278b6 deps-20260624-143822
crashpad_handler ae5b334b23ec1331b13086beb73bde8168f0b386 macos x86_64 crashpad_handler-ae5b334b23ec1331b13086beb73bde8168f0b386-macos-x86_64-33fc2b084e0f.7z be93f184bc05170d8710c73c968cd0a8f4d6c20da83d029b2cac9b345d70a7c8 deps-20260624-143822
crashpad_handler ae5b334b23ec1331b13086beb73bde8168f0b386 windows aarch64 crashpad_handler-ae5b334b23ec1331b13086beb73bde8168f0b386-windows-aarch64-630acb0c54b8.7z 96dc19767873fe469f69f396205b214c0ebbf8f5ff7f6503e8093fc7609cb40d deps-20260624-143822
crashpad_handler ae5b334b23ec1331b13086beb73bde8168f0b386 windows x86_64 crashpad_handler-ae5b334b23ec1331b13086beb73bde8168f0b386-windows-x86_64-8eea5072d1e8.7z 9412e9c281078b9229e271ad2f8f9d12cf0bdc30a54e9f19a02dcd0755b7aa0f deps-20260624-143822
dump_syms 2026.06.12 linux aarch64 dump_syms-2026.06.12-linux-aarch64-0f8ec46fa718.7z 73836cc7fb85a36154df7e62c83207b11bb654ae15c93de14eafa765564e1a56 deps-20260624-143822
dump_syms 2026.06.12 linux x86_64 dump_syms-2026.06.12-linux-x86_64-3972ecc726d3.7z d834ad4af033c54fe902ebd1a569aaa6ea0aa9e816c1c6210359ee18d6dc3aab deps-20260624-143822
dump_syms 2026.06.12 macos aarch64 dump_syms-2026.06.12-macos-aarch64-1dd6af10396b.7z 15f511e9779c102fc8f8920fcdb6188adadfb1c95d66733f1efa75a1b1f4d0fa deps-20260624-143822
dump_syms 2026.06.12 macos universal dump_syms-2026.06.12-macos-universal-4e1eb6f862e5.7z 4381b6ae301988182bd373f01c2e895d3dbc7b7ca6590f90c7c84d093b075877 deps-20260624-143822
dump_syms 2026.06.12 macos x86_64 dump_syms-2026.06.12-macos-x86_64-5e576923248a.7z 0b44c556f7da6e8e8200b5aa815a22e129b1629cfb653d0037d6b3edc96a74e8 deps-20260624-143822
dump_syms 2026.06.12 windows x86_64 dump_syms-2026.06.12-windows-x86_64-14115b67ede8.7z e4e71ea538bf645bc345ec06e641155abb8b1274883a0cf138d9fa5b49bd0a8c deps-20260624-143822
expat 2.7.1 linux aarch64 expat-2.7.1-linux-aarch64-0cfc05fa448e.7z 1b3f8fbabdcec776c80c4e38250387767da24cc57d5b8de0d1994c6efdb99cc2 deps-20260624-143822
expat 2.7.1 linux x86_64 expat-2.7.1-linux-x86_64-e9e409ca7b73.7z 23b08b3ca1660d99abf00152dd2dd4fdbe2ecd6cd783652c08d984a6b08e5b68 deps-20260624-143822
expat 2.7.1 macos aarch64 expat-2.7.1-macos-aarch64-d87f8d401e37.7z 282984339ea52fb52339e39f0598f478f96e5b34a6263c490816a09438574189 deps-20260624-143822
expat 2.7.1 macos universal expat-2.7.1-macos-universal-03608af7cdd6.7z edeb374cb0043a213653afe26cbd43775b8feb925be616013d0f0ed324f66103 deps-20260624-143822
expat 2.7.1 macos x86_64 expat-2.7.1-macos-x86_64-56b8c902580a.7z bfaa52815b806223cfee52c7ed6fd4471b8f680c42d48f6c92e4e33c6a6f33d3 deps-20260624-143822
expat 2.7.1 windows aarch64 expat-2.7.1-windows-aarch64-2575d7514ec2.7z 7ba0cbed006982031dbcf1b65fbd003944f1760105440ce55637a6a2166ea854 deps-20260624-143822
expat 2.7.1 windows x86_64 expat-2.7.1-windows-x86_64-32f9dd3f3494.7z 878dcc6646cb2778c6f080ef9bf64876d1fa97ec35e2a6eb7d131818f4d96502 deps-20260624-143822
fdk-aac 2.0.3 linux aarch64 fdk-aac-2.0.3-linux-aarch64-be11079aeaee.7z ea78ee5accfc8ce58e67e550d7a4ff30cc492e67e7ab1a58fa26575a55336444 deps-20260624-143822
fdk-aac 2.0.3 linux x86_64 fdk-aac-2.0.3-linux-x86_64-48b79a525ce1.7z 9803e80063693f6aca2d10b6351f6e9d08dd385eb3b5b1bab09cf8e79abb7d25 deps-20260624-143822
fdk-aac 2.0.3 macos aarch64 fdk-aac-2.0.3-macos-aarch64-8cad6c4c0f9e.7z 4a2a30e5c44683dd2eadde0fa704f15c01294d21857199bd3ad8efb1f72f15d4 deps-20260624-143822
fdk-aac 2.0.3 macos universal fdk-aac-2.0.3-macos-universal-fb1344a5043b.7z 859a370a78ff6a65d814939d3fb638738c659f0fa8f48b465eed8af045f57a0d deps-20260624-143822
fdk-aac 2.0.3 macos x86_64 fdk-aac-2.0.3-macos-x86_64-e96cb1210dff.7z d37973ae81eab4c120897058a05d5a4fee0e6015401dba1250ac0b700767ace0 deps-20260624-143822
fdk-aac 2.0.3 windows aarch64 fdk-aac-2.0.3-windows-aarch64-b7351cc45337.7z 80be92153108225d7f8d610f0e30bbeb3a89d63c31f4b136e8da83f7901fc255 deps-20260624-143822
fdk-aac 2.0.3 windows x86_64 fdk-aac-2.0.3-windows-x86_64-5a4f5f0132eb.7z 04178fb19c0f58265e104c63cf702a66b1a9358765912f37b3f5d1e9ef78efbe deps-20260624-143822
flac 1.4.3 linux aarch64 flac-1.4.3-linux-aarch64-0df38ea72f5a.7z e2b486d23a427cf1c6784211a91a2cc24a0bfde16eaab86a022f1d60d314bf6e deps-20260624-143822
flac 1.4.3 linux x86_64 flac-1.4.3-linux-x86_64-cb10b1e48015.7z 463809365e84127be7d18d2c67dc4059d41b7c5725674107e12fabe85f2194ca deps-20260624-143822
flac 1.4.3 macos aarch64 flac-1.4.3-macos-aarch64-3c0165ecc5b4.7z 1dede211321bcf1f93dc4d899a580ec06252c73ba5062dd7196524ff97a199bc deps-20260624-143822
flac 1.4.3 macos universal flac-1.4.3-macos-universal-3cc90d1072f9.7z 5c8e08e51687d4d979afa9fd51473a46df0493e360f19ec79af19cbf1b47fe59 deps-20260624-143822
flac 1.4.3 macos x86_64 flac-1.4.3-macos-x86_64-08b2947fff75.7z 304aa006336e6ae51386a53440cb27d533c0a2e87ab78e40b2e1c839108f593f deps-20260624-143822
flac 1.4.3 windows aarch64 flac-1.4.3-windows-aarch64-01b0256288fa.7z da0259d3d6f17acbd4d1f38fc3a4e33503066bad569a216b6e8d16757c719edd deps-20260624-143822
flac 1.4.3 windows x86_64 flac-1.4.3-windows-x86_64-8df1d54c465e.7z 3fcbd3c9e30978dc1ff0f907707aa3694916b2ac87080696c18f92b5e8464384 deps-20260624-143822
freetype 2.14.1 linux aarch64 freetype-2.14.1-linux-aarch64-476a149ae1cd.7z 1804b9803c55d3d09f5f28f4edc64731126fe3550a29babb401029b26e60dd0c deps-20260624-143822
freetype 2.14.1 linux x86_64 freetype-2.14.1-linux-x86_64-c2da8b8b01f7.7z 2a0ba2a2ec17a86fca36902df461edba3c4ac86c36b9fc2b05a72a478e39b96b deps-20260624-143822
freetype 2.14.1 macos aarch64 freetype-2.14.1-macos-aarch64-de1ca3b47c9b.7z 8411b91e81b1cd1c6461046795ed59ea859b1258be03caa91676e9f9828ab299 deps-20260624-143822
freetype 2.14.1 macos universal freetype-2.14.1-macos-universal-9a9a62906994.7z 132ebfc1c73b28127c0e4b6746ce7ff9f3b50cc5c3a5593629c7291960f8f3eb deps-20260624-143822
freetype 2.14.1 macos x86_64 freetype-2.14.1-macos-x86_64-048519c93631.7z 6d5d289e024a7c32b5a189cbf47eabe9982cdf05d8006a0a3976164988eb6f84 deps-20260624-143822
freetype 2.14.1 windows aarch64 freetype-2.14.1-windows-aarch64-bb7ee0bdd320.7z 59bf6abcd4d688eeac1018aece099fd1dee377ad573de8267ab2dfd1a99a0e92 deps-20260624-143822
freetype 2.14.1 windows x86_64 freetype-2.14.1-windows-x86_64-f4a5914e36bf.7z e0abd47869d1ff2b84d79f1b31e1bd218488918a1f53f9879ce72b9ec515bec8 deps-20260624-143822
harfbuzz 12.3.0 linux aarch64 harfbuzz-12.3.0-linux-aarch64-b970a189f8bb.7z 096615c8842335f3154665528318b32d4bcbe3e25dd1b4b30dbc998607812575 deps-20260624-143822
harfbuzz 12.3.0 linux x86_64 harfbuzz-12.3.0-linux-x86_64-19e7908aac8d.7z dcaaad7f5cf951003f3043432c4aad749657ed6a91957918feb7041cc9bbc837 deps-20260624-143822
harfbuzz 12.3.0 macos aarch64 harfbuzz-12.3.0-macos-aarch64-04abbe25fcec.7z 49643c7477c2af7bdbba6a1aee9201ea1c5a5dc75e466bec84e4d755cd1156f5 deps-20260624-143822
harfbuzz 12.3.0 macos universal harfbuzz-12.3.0-macos-universal-562c645e9587.7z 8ca8fb1dba8871a106e03b708b9e6d73b7bd299f283ec2a15683d2ec22fecc6a deps-20260624-143822
harfbuzz 12.3.0 macos x86_64 harfbuzz-12.3.0-macos-x86_64-45bea6687dfe.7z 299ea8be7c4aabe0f29823889e9a8563b9287ba3c1374156514b4310b9e37303 deps-20260624-143822
harfbuzz 12.3.0 windows aarch64 harfbuzz-12.3.0-windows-aarch64-1ffe87bbd93a.7z e27d0b5bba700d12b9bb373f247b7facfebfbe225ba9862258ee315fd9a7470e deps-20260624-143822
harfbuzz 12.3.0 windows x86_64 harfbuzz-12.3.0-windows-x86_64-cd93949f9156.7z 28215aeabc6977b8486ceb12807d4b41978c87db031795e0869c7c766383db0e deps-20260624-143822
json_schema_validator 2.4.0 linux aarch64 json_schema_validator-2.4.0-linux-aarch64-51f9343a05ec.7z 9dc6e04e5a167af6e256dcb04d0b84f9ba5b87f8c32e46ce34f1c4d986d56def deps-20260624-143822
json_schema_validator 2.4.0 linux x86_64 json_schema_validator-2.4.0-linux-x86_64-54bcb9acd041.7z ab8e07d750eb8dadda41872dcaae51f300a88ce67068205aad95f3a3c3cb7d7f deps-20260624-143822
json_schema_validator 2.4.0 macos aarch64 json_schema_validator-2.4.0-macos-aarch64-d1248bb4f990.7z b524edbb9b0ba4789f8e48011126e7bb2aad0c7960aecd9fa3127f35b7b0fc46 deps-20260624-143822
json_schema_validator 2.4.0 macos universal json_schema_validator-2.4.0-macos-universal-ce4b677be44b.7z 2b2556b030caf64fb61a16af9828103f8a54e76072808626483432defa345438 deps-20260624-143822
json_schema_validator 2.4.0 macos x86_64 json_schema_validator-2.4.0-macos-x86_64-8abe9770d244.7z 302082bac9188355ca30a6e95be03cedac2f4b8420888671002519cdc17cbd8a deps-20260624-143822
json_schema_validator 2.4.0 windows aarch64 json_schema_validator-2.4.0-windows-aarch64-aa1dfcc8c298.7z bf502c6af2ab38160ac36506e60df945801b2c967cf6bb4bc0c60b30eb993281 deps-20260624-143822
json_schema_validator 2.4.0 windows x86_64 json_schema_validator-2.4.0-windows-x86_64-753d0ad0f0f3.7z eb0186b1d5ae592be7b4a1cb4cf74c6121b449409d4c0d19a715fa358d40dfa7 deps-20260624-143822
lame 3.100 linux aarch64 lame-3.100-linux-aarch64-31db77f8d241.7z 983a454a3ade8c76397471dd7ad38d2092a0b6815fb602f79aad39bfa56b352b deps-20260624-143822
lame 3.100 linux x86_64 lame-3.100-linux-x86_64-0b1ffdcad18f.7z 7bf3799f2f3bc57bf43411b7ad878749f9f679c33d953dfbcf8ade4d6bd671f1 deps-20260624-143822
lame 3.100 macos aarch64 lame-3.100-macos-aarch64-c77a688ab739.7z e388f526e06cb754afcf0a32109c3015480c9b61a4ecef117eb2bb556e2855a5 deps-20260624-143822
lame 3.100 macos universal lame-3.100-macos-universal-3f328cc5a062.7z 7ad95109b32be25b067ab578f4db3859f47effe4b3f37e135b427f2347973074 deps-20260624-143822
lame 3.100 macos x86_64 lame-3.100-macos-x86_64-7d903c789922.7z fbf85ec1f13249aff90878dab76b29f92db60ef7e69da2a695a34b0edaae66ae deps-20260624-143822
lame 3.100 windows aarch64 lame-3.100-windows-aarch64-371fd7b896ec.7z d8ac1da53805f58bfd010b6090adeb71e6895d94469d9430009a57d534dce770 deps-20260624-143822
lame 3.100 windows x86_64 lame-3.100-windows-x86_64-46e1ad1831ac.7z 00baa914cb656fd732dd7aad83f47e22a42f030c5a39d0dba8639d858a8a2ce8 deps-20260624-143822
libsndfile 1.2.2 linux aarch64 libsndfile-1.2.2-linux-aarch64-52c2364af1da.7z 074112ac3638d9166643aa2a7586ee3a302dd698904a4cc148ed9c2603cc2aac deps-20260624-143822
libsndfile 1.2.2 linux x86_64 libsndfile-1.2.2-linux-x86_64-d59b643402df.7z a8c61bd8ad56734c627de46cf806d422ad9fc02bbedae758297ea76b95aa85ef deps-20260624-143822
libsndfile 1.2.2 macos aarch64 libsndfile-1.2.2-macos-aarch64-386bf81cefdb.7z f7f1e0a3633a81c268a939c97f52d3bb39bd85f93c3cf3b76d9d237d723c246c deps-20260624-143822
libsndfile 1.2.2 macos universal libsndfile-1.2.2-macos-universal-6285de52dc10.7z c1334242f40089946102a250d28fcce7b7d23ac467e4f68bd0fc5be224492816 deps-20260624-143822
libsndfile 1.2.2 macos x86_64 libsndfile-1.2.2-macos-x86_64-db303c9ae1b9.7z df4845245545a4c6a1c45024dcd93a8dd0f25dba2a2d6ef09c0e5a7566a4d365 deps-20260624-143822
libsndfile 1.2.2 windows aarch64 libsndfile-1.2.2-windows-aarch64-2b0dd892f9f8.7z c0ddcc78db9e5217a946991947bb432029473af2b7a37a0f1bb29d6e4162dd02 deps-20260624-143822
libsndfile 1.2.2 windows x86_64 libsndfile-1.2.2-windows-x86_64-bf8e14735cae.7z e004553871b08b8d7bb6b950c4929b62d67123041338de95df136493d63f0a5b deps-20260624-143822
mpg123 1.32.10 linux aarch64 mpg123-1.32.10-linux-aarch64-20e0d2e93de4.7z e52f903c6db75e0da5d34e68284bae129bffaca845977c1c24e7acddefa26519 deps-20260624-143822
mpg123 1.32.10 linux x86_64 mpg123-1.32.10-linux-x86_64-d799c5c2fcb9.7z 7375c72f34ed2f986afceb8dc2670e6bacb881ec9f7d164a50a274e76d3fb186 deps-20260624-143822
mpg123 1.32.10 macos aarch64 mpg123-1.32.10-macos-aarch64-31cdaf09466f.7z cc3192f86917ea6707c46fc81f3145cd0b73aba9b849f75ab284c4d7eb009581 deps-20260624-143822
mpg123 1.32.10 macos universal mpg123-1.32.10-macos-universal-990f70804f48.7z e616fd55b54a7301f1b2591d4360914ca5986d1a67af1d93c9b25a071d7828eb deps-20260624-143822
mpg123 1.32.10 macos x86_64 mpg123-1.32.10-macos-x86_64-b5880aa51d2e.7z 509daacc34e1220b5d397a45ac0abc61cd41a6443941061cca20c226a2f45a70 deps-20260624-143822
mpg123 1.32.10 windows aarch64 mpg123-1.32.10-windows-aarch64-231e28c56d58.7z 4c5dcd93dc67e345de34eb4a094b4f0cc819a6e373bf8c5bc408f900cffae72e deps-20260624-143822
mpg123 1.32.10 windows x86_64 mpg123-1.32.10-windows-x86_64-05b7623b1ca8.7z 3a0968ae3c481f1e5af67780c3b8034df1597ddf264040ffdf1bd47e4e71e54b deps-20260624-143822
nlohmann_json 3.12.0 linux aarch64 nlohmann_json-3.12.0-linux-aarch64-6086a35c9e1c.7z aca22933a54dfcc7cb6d3f6f5f1795e88f9f66974f5abf27105d483dd75d4334 deps-20260624-143822
nlohmann_json 3.12.0 linux x86_64 nlohmann_json-3.12.0-linux-x86_64-8051d97d969d.7z 6f06ad7124b320c434b6581f67f40c03fa687c927ab89fde523fc7936100172d deps-20260624-143822
nlohmann_json 3.12.0 macos aarch64 nlohmann_json-3.12.0-macos-aarch64-23365098264c.7z e07b01d0c4e9ecf8dcc194c495b3f838926b454b896fbfc625b5d47464ab8065 deps-20260624-143822
nlohmann_json 3.12.0 macos universal nlohmann_json-3.12.0-macos-universal-679fa901c2f9.7z 1b136d0f44a996f7ebd727f7f5bdb0ac98451aff9533d773f6651630fa434233 deps-20260624-143822
nlohmann_json 3.12.0 macos x86_64 nlohmann_json-3.12.0-macos-x86_64-19d0182af49c.7z c0352eedcb3c6555c463dd067f713c385ee67bd10ab218adffffa15b1719721f deps-20260624-143822
nlohmann_json 3.12.0 windows aarch64 nlohmann_json-3.12.0-windows-aarch64-d39eb25ec6b2.7z abfa7dede3dd32aad0be25ecaf92986205ea0e1858c251bb9dca62d7fa6955e3 deps-20260624-143822
nlohmann_json 3.12.0 windows x86_64 nlohmann_json-3.12.0-windows-x86_64-485d5f72bc3f.7z 292f83d21b8ce73e3fb123b3c8f071e7c78531a6b5f483c209252c9e37a25cac deps-20260624-143822
ogg 1.3.5 linux aarch64 ogg-1.3.5-linux-aarch64-602293643dc7.7z 154e5267d9ff86ec4af892e4ca594af66f89eed646d3562c5e5e62a287f932da deps-20260624-143822
ogg 1.3.5 linux x86_64 ogg-1.3.5-linux-x86_64-ed26e3b4267d.7z 53d19f13f238ddda9e185cbef3b8ca03e566cefcee0292c3f993303f82e219e5 deps-20260624-143822
ogg 1.3.5 macos aarch64 ogg-1.3.5-macos-aarch64-bfa378e2db2b.7z 45d1ecd3f1729bfe71bc202d89a4a371760e9e3a00872aeb728c3e399d949ab2 deps-20260624-143822
ogg 1.3.5 macos universal ogg-1.3.5-macos-universal-dae0dfa4a3a0.7z 91b9dd0e6f4069fc487989939dae7c2bed91b9c1eb13f3fec277a5de1caac9a8 deps-20260624-143822
ogg 1.3.5 macos x86_64 ogg-1.3.5-macos-x86_64-a6125ef64eb6.7z 88c02db5313a63e9b409cd7f99479720d42c51e1545d5934cd5921bbfebeecde deps-20260624-143822
ogg 1.3.5 windows aarch64 ogg-1.3.5-windows-aarch64-765c41a5810d.7z 2994f0f4ee4795aa53c5deb3922e9a9fe2748f27d7003100467575ed1c1a5726 deps-20260624-143822
ogg 1.3.5 windows x86_64 ogg-1.3.5-windows-x86_64-a0234ae37500.7z ddabdc527f695866670343154e5e6a705609211c3530d8b18c7c3029ad825f7d deps-20260624-143822
opus 1.5.2 linux aarch64 opus-1.5.2-linux-aarch64-36879f11df4f.7z 210a9b4a297a85b99f7b405a1f9679db44df34f058332fea787c56911cb89217 deps-20260624-143822
opus 1.5.2 linux x86_64 opus-1.5.2-linux-x86_64-a5d4825ee7a6.7z f92905fd49f9a0913452ead3d265e9bc74591fda41f6041b15b52e81577d276b deps-20260624-143822
opus 1.5.2 macos aarch64 opus-1.5.2-macos-aarch64-712175d84efc.7z 092cabdf091ca92039409fbef21cc70ccffda81ad26f2a73d4206ee160960aca deps-20260624-143822
opus 1.5.2 macos universal opus-1.5.2-macos-universal-ce84885051fb.7z 6b94a9a418697d16265fe83f304d6d060ed86bb7e2a279486c20d4e04df295f8 deps-20260624-143822
opus 1.5.2 macos x86_64 opus-1.5.2-macos-x86_64-df7cc75c2432.7z f1ba7dba64601bba0cc2f7f92f95a86ad90585f8a1778317ac768bbb3efa2db8 deps-20260624-143822
opus 1.5.2 windows aarch64 opus-1.5.2-windows-aarch64-33cb5fea7c82.7z 908572312a65201806238fa0a447be3bdc73dcf1cc4d9da92d662b453488579b deps-20260624-143822
opus 1.5.2 windows x86_64 opus-1.5.2-windows-x86_64-b85521b09beb.7z fab7a6ab784c1e0ad01a68fddca4de0216cb11fe05c8d01f387f851bdd5af02a deps-20260624-143822
opusenc 0.2.1 linux aarch64 opusenc-0.2.1-linux-aarch64-1dce5909b015.7z 3d2fdd0f0f318aff86f9dd5f307ba0c814c8b5b1bbf1fcf4a43207bd93226fe0 deps-20260624-143822
opusenc 0.2.1 linux x86_64 opusenc-0.2.1-linux-x86_64-af979414daa5.7z 6cacc7e048309adff219dd6d31bbcdbfdad815385a36b109a53ba6e2ce655671 deps-20260624-143822
opusenc 0.2.1 macos aarch64 opusenc-0.2.1-macos-aarch64-692050426295.7z 49e58abbceee96eb49735baacc9b49b6400a248d479871dff7709607c4f43864 deps-20260624-143822
opusenc 0.2.1 macos universal opusenc-0.2.1-macos-universal-645ffb4ae320.7z 96c2a9ceaea047fae4fd9d8c39a72b62e6de49583374e755a5286d58ad78b32a deps-20260624-143822
opusenc 0.2.1 macos x86_64 opusenc-0.2.1-macos-x86_64-a098c21b3669.7z a4aafa4f8096b3419140fbd21d4289a484a18a734a6b6e6f884e11277b50058e deps-20260624-143822
opusenc 0.2.1 windows aarch64 opusenc-0.2.1-windows-aarch64-feac8142922b.7z 801a0c64bd7dc35bf6d2890b74b80527db85096f3ffe98dc7094adbae2024526 deps-20260624-143822
opusenc 0.2.1 windows x86_64 opusenc-0.2.1-windows-x86_64-9e06186fb1d5.7z a412ae06b5ca1ae8a3c16778134f7a382e6843a82a466fd4eb6b6ff0c22a2306 deps-20260624-143822
opusfile 0.12 linux aarch64 opusfile-0.12-linux-aarch64-4b2933677dee.7z 3ec3e5cb66d0de20f8aed4bb0bf32a579487ca9bb79bbc2bd55858368d55e933 deps-20260624-143822
opusfile 0.12 linux x86_64 opusfile-0.12-linux-x86_64-a306389c0766.7z 3dc7f837e56ddd0eef28d6b17c4ad2e4753562b00adda6fe3988b0be79b29486 deps-20260624-143822
opusfile 0.12 macos aarch64 opusfile-0.12-macos-aarch64-9ffa63635390.7z 0cf0c65b83ca26fb452410dc94f24da12d9d3d7bacc8be82b45ece34c0e06d2b deps-20260624-143822
opusfile 0.12 macos universal opusfile-0.12-macos-universal-7f4c9ed33418.7z 43c7a29b96cc0a21cbc174277f8174a9e9d9b1d8d27a0816382348d462d7949e deps-20260624-143822
opusfile 0.12 macos x86_64 opusfile-0.12-macos-x86_64-23c51cfc8e5f.7z 13b664ca4698b674e0db312e95678b0627868494577edbeb9e618ac038b03b53 deps-20260624-143822
opusfile 0.12 windows aarch64 opusfile-0.12-windows-aarch64-5782c746e01d.7z 11b648606f42b900fc18e9c78b5366330047651d617354c455e2c656f7a95fb2 deps-20260624-143822
opusfile 0.12 windows x86_64 opusfile-0.12-windows-x86_64-302335362883.7z f19c0ede05170c2e269d15a8ae859443d4dfd303c628c8654a5734fc0a626dda deps-20260624-143822
portaudio 19.7.0 linux aarch64 portaudio-19.7.0-linux-aarch64-14d5caae9a42.7z d86e84d8b431bfe5fd1cb85d45d5d8bc99c345859864b1e50b0914073c644820 deps-20260624-143822
portaudio 19.7.0 linux x86_64 portaudio-19.7.0-linux-x86_64-a3df982cc495.7z 7bdaddc1b6ae5e96b7fb4be4fc2489afcf6888ea653ec0a1ceb6f580a77ccf9c deps-20260624-143822
portaudio 19.7.0 macos aarch64 portaudio-19.7.0-macos-aarch64-f0fdaba4abf4.7z 1f2cd919a5f7f89cbef92725644a21c17ac535a3f2528f17f232518dba8b90e7 deps-20260624-143822
portaudio 19.7.0 macos universal portaudio-19.7.0-macos-universal-e37ec15fd7b9.7z b5269f6f1e7eb4d6bab712f91ffe789b5d68e3b26182de7604566887493372e3 deps-20260624-143822
portaudio 19.7.0 macos x86_64 portaudio-19.7.0-macos-x86_64-608f0f6582b9.7z 5248d3d85e14b8ebd8080af6345cd9883407aec26011076434f474d7d88a2eef deps-20260624-143822
portaudio 19.7.0 windows aarch64 portaudio-19.7.0-windows-aarch64-04f39ba55f80.7z a6bdbc8620dc569b28e70c6012ec170dcc47911660b3ef7a84b158858353d44d deps-20260624-143822
portaudio 19.7.0 windows x86_64 portaudio-19.7.0-windows-x86_64-9a2e5638c41e.7z 717134115c381406d4e9912c574d805192021be6d58ac684d83dabc870e45b6b deps-20260624-143822
uncrustify 0.74.0 linux aarch64 uncrustify-0.74.0-linux-aarch64-60f3070b94fb.7z 4be578623ecbe42b94d7517b47b01cd323f5f5f45b291db6b0fe0c65150ff103 deps-20260624-143822
uncrustify 0.74.0 linux x86_64 uncrustify-0.74.0-linux-x86_64-74ea0c3ef385.7z cbdc3141495a7c05ff7f4ad1eec95a7971d3b445ec929a79b22d817ad4dea9d6 deps-20260624-143822
uncrustify 0.74.0 macos aarch64 uncrustify-0.74.0-macos-aarch64-921e56883592.7z 4284d07249501009e26b16aadd9dd18ff75dcfda2cd443f066961ab3c45b1176 deps-20260624-143822
uncrustify 0.74.0 macos universal uncrustify-0.74.0-macos-universal-c7a91184b272.7z 363ce9f9850ba256412f10e667b52f8e40cee09afb953caa89ba52a4adf72bd6 deps-20260624-143822
uncrustify 0.74.0 macos x86_64 uncrustify-0.74.0-macos-x86_64-6861283d4317.7z 901ee141665fe74b625f201905332480b74a3f97ee3d8d77664a8ec3f93bbe4a deps-20260624-143822
uncrustify 0.74.0 windows aarch64 uncrustify-0.74.0-windows-aarch64-92b620b31f17.7z 347015a97c2ca875c79b5dfa00578291287862c0887334c2256130fe777d1065 deps-20260624-143822
uncrustify 0.74.0 windows x86_64 uncrustify-0.74.0-windows-x86_64-0e10d1fe067d.7z 7be1b7d0dc89b5ef5837a881eaa18a91775bd824ac5781f36ae589410adbd5c6 deps-20260624-143822
vorbis 1.3.7 linux aarch64 vorbis-1.3.7-linux-aarch64-c47e474b86c6.7z 4c494ef8f9e747e21aedd6024d0b7e1422b9790b255f0ca7ec72bfb9c2a99614 deps-20260624-143822
vorbis 1.3.7 linux x86_64 vorbis-1.3.7-linux-x86_64-9962e57e0f65.7z f1f1ceaec628ea8f55721c9ffd091da084a631e4193ca9ea42171cc2311383ad deps-20260624-143822
vorbis 1.3.7 macos aarch64 vorbis-1.3.7-macos-aarch64-583996bbfcee.7z 768540c5ceed2277c716b2790a3715cf9117e71ef21da75af149de719850552d deps-20260624-143822
vorbis 1.3.7 macos universal vorbis-1.3.7-macos-universal-6166975da9d9.7z e67a578434031abbdc5a2b0bcf79da343ca97ae82658868ab75795c4091cf6e6 deps-20260624-143822
vorbis 1.3.7 macos x86_64 vorbis-1.3.7-macos-x86_64-6b87628e5755.7z 8622376a53e627c00ebf293929570a9c1b45e4d7466ad0b3565fd55cecd37f50 deps-20260624-143822
vorbis 1.3.7 windows aarch64 vorbis-1.3.7-windows-aarch64-17f7121d78a5.7z fa2e803562233ad2c9057b87f72b60e71cc0b9c864a1975497aed5eb573239be deps-20260624-143822
vorbis 1.3.7 windows x86_64 vorbis-1.3.7-windows-x86_64-16e0f54fe143.7z 89db1b76a53f0cc4064929e790f945df788dc7fd633659179dae0529544126f4 deps-20260624-143822
wavpack 5.7.0 linux aarch64 wavpack-5.7.0-linux-aarch64-218b2f74de30.7z 1e8035ac6607f4649e68bf7fff4d3152c17067aa4158499531c4768fbc1aa21a deps-20260624-143822
wavpack 5.7.0 linux x86_64 wavpack-5.7.0-linux-x86_64-b8d6c6f51ec1.7z bb1f99bb6f1eb8a1bbe81d7e9f980a218546f27bb173ab5d5fd5aad0bc8c076f deps-20260624-143822
wavpack 5.7.0 macos aarch64 wavpack-5.7.0-macos-aarch64-8e9e8e2fdc6b.7z 3d78af05c2c7df75b607c5917ddf134d66b30393b22fd6199b2e4c4b947ee48c deps-20260624-143822
wavpack 5.7.0 macos universal wavpack-5.7.0-macos-universal-4d3eab6ddfcf.7z 70f18b54e0e08e0f49d880ba202661dfe24dd93782369f07a1d04f0322696b97 deps-20260624-143822
wavpack 5.7.0 macos x86_64 wavpack-5.7.0-macos-x86_64-4ad773774475.7z cba75476186254fcfac94cc7bbbc8dc6355564ff033c3d8480032c0d71ab0a7a deps-20260624-143822
wavpack 5.7.0 windows aarch64 wavpack-5.7.0-windows-aarch64-231544152b55.7z 29be09145bc20088b002d81af5ad4531e11e0115ff4ec48753bbdc7a1185aa42 deps-20260624-143822
wavpack 5.7.0 windows x86_64 wavpack-5.7.0-windows-x86_64-d72c745470bf.7z 35af3a0f7329639460964f2839aaaded1b1a6107ad1459da7ebb92a3035d4b93 deps-20260624-143822
wxwidgets 3.2.6 linux aarch64 wxwidgets-3.2.6-linux-aarch64-4b55501a2429.7z 9fe64823912f7bfecad7f426e0f80bed209d0fa274e72e951dea3f5429f93a82 deps-20260624-143822
wxwidgets 3.2.6 linux x86_64 wxwidgets-3.2.6-linux-x86_64-5790597a48ad.7z d95ae21f9a7e5f036bce6793700692d17e40ac887e1aee04daa22f6cf7487e2d deps-20260624-143822
wxwidgets 3.2.6 macos aarch64 wxwidgets-3.2.6-macos-aarch64-96f3846f3382.7z 64e8c7aa94b0ba8e056ac765b92eafd18ebd589060a35ca750193552f6f8cefc deps-20260624-143822
wxwidgets 3.2.6 macos universal wxwidgets-3.2.6-macos-universal-b3e4a9fc8925.7z 6b4d9d6ef4eaa11d391ca74b7c435e13843419754622e69760238d1d2fed8d2a deps-20260624-143822
wxwidgets 3.2.6 macos x86_64 wxwidgets-3.2.6-macos-x86_64-7cf6a715edf5.7z 73365aac758e6509b22d6b061aaa72f7ce61460fca424585532ba9d9f22ec1b7 deps-20260624-143822
wxwidgets 3.2.6 windows aarch64 wxwidgets-3.2.6-windows-aarch64-38405338cf79.7z 67412012b48b6bbc5c062739732d8ed616a9ee482005d297f5c0a63c163601f3 deps-20260624-143822
wxwidgets 3.2.6 windows x86_64 wxwidgets-3.2.6-windows-x86_64-e7e0b1ee89df.7z 536594b69f968b2da8e04e45a48d27475467347143a64742ca59aed333a92d76 deps-20260624-143822
yasm 1.3.0 windows x86_64 yasm-1.3.0-windows-x86_64-0e5d829ddefa.7z 37fab447dbbde3319d079819410a6b33c8518a4e9865c47033d03cd563b9b11a deps-20260624-143822
zlib 1.3.1 linux aarch64 zlib-1.3.1-linux-aarch64-c3dba454e5bf.7z 5217c5d8bfb07b9e6e284682ff6ac7de60e8489d436d420667346e94d5ac7a75 deps-20260624-143822
zlib 1.3.1 linux x86_64 zlib-1.3.1-linux-x86_64-d8723686e3d7.7z 281bbeb3f5f0e08e821c94cce8cce77ec02567593fbe2a2e239055b9c5dcec1f deps-20260624-143822
zlib 1.3.1 macos aarch64 zlib-1.3.1-macos-aarch64-ef66481a4f7c.7z 186204e36ef885f21472ba3656eba6ec025b4314059eb65fce36cbeba44a1948 deps-20260624-143822
zlib 1.3.1 macos universal zlib-1.3.1-macos-universal-cb13d20d75d8.7z d01402b73af262ceda420b877d877be20a67aa79d07062ba4f16618aec8d7b03 deps-20260624-143822
zlib 1.3.1 macos x86_64 zlib-1.3.1-macos-x86_64-c21f4d0c0898.7z 7f4233b0350d58a8763991e6b472133335de41bb8efeb7462fa8ecdb49fac930 deps-20260624-143822
zlib 1.3.1 windows aarch64 zlib-1.3.1-windows-aarch64-7e52203cd93a.7z 26eb022279326e5426890be1b7471dab352a396d8772b669fab5295682da2803 deps-20260624-143822
zlib 1.3.1 windows x86_64 zlib-1.3.1-windows-x86_64-b1f715b130cb.7z 963d9fde428c6003c5077c538eced4d36346991e10f62019a11e6e4821e34a3f deps-20260624-143822
