crashpad_handler ae5b334b23ec1331b13086beb73bde8168f0b386 linux aarch64 crashpad_handler-ae5b334b23ec1331b13086beb73bde8168f0b386-linux-aarch64-41f0d48c85d0.7z 15316a090af3ec49251a001d3159f4b50f960b97a56829709e0741fe4bbaad4f deps-20260618-140357
crashpad_handler ae5b334b23ec1331b13086beb73bde8168f0b386 linux x86_64 crashpad_handler-ae5b334b23ec1331b13086beb73bde8168f0b386-linux-x86_64-a9fd1940117a.7z 9d731867d48fa90988e3e51a1043b52b1d8ac9679915e05259af2334704088ec deps-20260618-140357
crashpad_handler ae5b334b23ec1331b13086beb73bde8168f0b386 macos aarch64 crashpad_handler-ae5b334b23ec1331b13086beb73bde8168f0b386-macos-aarch64-c4c42c6a28fd.7z 24071201c18e445f3ac661d53d5dd7aa22618d5f1630313c30c6e48c7f93904a deps-20260618-140357
crashpad_handler ae5b334b23ec1331b13086beb73bde8168f0b386 macos universal crashpad_handler-ae5b334b23ec1331b13086beb73bde8168f0b386-macos-universal-698f1b7ed01e.7z aae6a09ca8a089575992e10205be3497bb5b3dc6e01837301c820c32ca539ba4 deps-20260618-140357
crashpad_handler ae5b334b23ec1331b13086beb73bde8168f0b386 macos x86_64 crashpad_handler-ae5b334b23ec1331b13086beb73bde8168f0b386-macos-x86_64-02277c9f7cf8.7z ad2fe8c48fff300d6d7fb03449c04837f581c7a6bf4a2e6aea2eb53ee2181645 deps-20260618-140357
crashpad_handler ae5b334b23ec1331b13086beb73bde8168f0b386 windows aarch64 crashpad_handler-ae5b334b23ec1331b13086beb73bde8168f0b386-windows-aarch64-372e26bb57ed.7z f3496d8ff398e50ce319e5c773896a5fef3946bfd223a6859ea09f6240da10fe deps-20260618-140357
crashpad_handler ae5b334b23ec1331b13086beb73bde8168f0b386 windows x86_64 crashpad_handler-ae5b334b23ec1331b13086beb73bde8168f0b386-windows-x86_64-7f7a0622b68c.7z 4932acb4a43eb92c784f7ff6b516f9729da5a646fa3cdd80cbfc0bd792b7a619 deps-20260618-140357
dump_syms 2026.06.12 linux aarch64 dump_syms-2026.06.12-linux-aarch64-183c33b029e2.7z 418b069f4121431232a8daf2c9153589fbf2b00dccc48ab71bb50e25fe4a5f8b deps-20260618-140357
dump_syms 2026.06.12 linux x86_64 dump_syms-2026.06.12-linux-x86_64-27740ce6d925.7z fbb89d620e8111a24d8769df3455f31f077d0bb3eaebf8098ce04efc84189282 deps-20260618-140357
dump_syms 2026.06.12 macos aarch64 dump_syms-2026.06.12-macos-aarch64-98e0cfa4c4b5.7z d673f33ee9677b2d6a1b4ad6b8b2db31a690ed804d4e668a75cea6920f898c4b deps-20260618-140357
dump_syms 2026.06.12 macos universal dump_syms-2026.06.12-macos-universal-c626bc635e9d.7z e1349a3eab30530aaeaef6fd0ee8cb37addb2c097d666da65926924f86bea30a deps-20260618-140357
dump_syms 2026.06.12 macos x86_64 dump_syms-2026.06.12-macos-x86_64-8d79a250236b.7z 72ccb198661329658915f13516d654f3a081e9aa8f6c13411663743b370b656e deps-20260618-140357
dump_syms 2026.06.12 windows x86_64 dump_syms-2026.06.12-windows-x86_64-07dc5246e394.7z 707ff8e59602593fed5a46c76f60c6b73b8bb59808de29fcb5245bac70b6322d deps-20260618-140357
expat 2.7.1 linux aarch64 expat-2.7.1-linux-aarch64-66f3e623619c.7z 9c796065c47c8af87ea689ca53cbca5049508c9e0f89e767809310cc86e71809 deps-20260618-140357
expat 2.7.1 linux x86_64 expat-2.7.1-linux-x86_64-32968c2da2a0.7z d7f3269b7149dbddc3808e6b31add2bc7e0e338caafba0d41ff00d2cb98ddacc deps-20260618-140357
expat 2.7.1 macos aarch64 expat-2.7.1-macos-aarch64-654a73ff9773.7z bb240a5247ab92451d0753f0281b5fa6412c83dae57c8af60e6f8c92a5da10de deps-20260618-140357
expat 2.7.1 macos universal expat-2.7.1-macos-universal-875497065764.7z e94c1ccaa07491ab5a2e7bd90f93af9fd4d40f8473ddefd003a683c0d01a0f3f deps-20260618-140357
expat 2.7.1 macos x86_64 expat-2.7.1-macos-x86_64-e6b5624501e9.7z 57e6902c7fa6f09a08feb2000309bcd3a291b0e6db449d987aed970b41617c19 deps-20260618-140357
expat 2.7.1 windows aarch64 expat-2.7.1-windows-aarch64-32e1cfaf78c8.7z 03e14844eedb6ec5d8f6f83fd6b48f3617c6dc5e0c26fcb678fbb59018e5ea41 deps-20260618-140357
expat 2.7.1 windows x86_64 expat-2.7.1-windows-x86_64-04bb9b17829e.7z 2d15a18fe81002cfcf1cd1f014584905c462c940ff57d75ab915a642aaaa52a3 deps-20260618-140357
fdk-aac 2.0.3 linux aarch64 fdk-aac-2.0.3-linux-aarch64-2bc365cfa5f4.7z 95f5b9b701887752fe4ec45117a8a5d229ed3a3c92be8fbfa80c23b9f1085cc6 deps-20260618-140357
fdk-aac 2.0.3 linux x86_64 fdk-aac-2.0.3-linux-x86_64-13d0f3236084.7z 9e50a746d109c53b0bf4f7c68afd9254bbc9dc7e8157dd1c92a2d8ead15aeab4 deps-20260618-140357
fdk-aac 2.0.3 macos aarch64 fdk-aac-2.0.3-macos-aarch64-3bb76671d72a.7z 556cbc6f4123bbb0cf115b3d6ac65dd41673ee4a35d1bc824bbed2904291ff63 deps-20260618-140357
fdk-aac 2.0.3 macos universal fdk-aac-2.0.3-macos-universal-6bad8af69454.7z 62a3390d792597bdaaa44a217421e3a584964fe6aee911f67cbaec6adec6305a deps-20260618-140357
fdk-aac 2.0.3 macos x86_64 fdk-aac-2.0.3-macos-x86_64-9927ffe1eb52.7z a437a35fc7ba15a011fafd944f5bba7235133a6e1fbb33dcfa8a5e23e325b007 deps-20260618-140357
fdk-aac 2.0.3 windows aarch64 fdk-aac-2.0.3-windows-aarch64-240d61bf8b5c.7z dc57d297d090cac8851e340e3671cb8fe53750c939914b4b09f60cceae7c9f52 deps-20260618-140357
fdk-aac 2.0.3 windows x86_64 fdk-aac-2.0.3-windows-x86_64-b6c1dc06f23e.7z a73a9e4c2bdf77f6e5c644b2d92cb78c0f22b0c5e016530bb3266b2c8617816d deps-20260618-140357
flac 1.4.3 linux aarch64 flac-1.4.3-linux-aarch64-4413026b7254.7z e9e4a545c8bef98f63f795b64f30d73f44f5822beb85ce69079410f75602f35b deps-20260618-140357
flac 1.4.3 linux x86_64 flac-1.4.3-linux-x86_64-3917e2231f87.7z c7a91a2bd087ca049c4ba6c62e9ae7c46b28f3695c90f29fafb56b1647328a3f deps-20260618-140357
flac 1.4.3 macos aarch64 flac-1.4.3-macos-aarch64-8149336c446b.7z f33d8f0ce47c16f4c1474ab52b19c70bf124d2712e55f440bd3e711c84ae2817 deps-20260618-140357
flac 1.4.3 macos universal flac-1.4.3-macos-universal-1ca6dd5bb284.7z 242fce27f1e307a5ae8b7ff97ef6e5a678dd5c498abda60c2626d27e27a5652c deps-20260618-140357
flac 1.4.3 macos x86_64 flac-1.4.3-macos-x86_64-477c952c2f81.7z 5ce8cc97417f7c5b60c1758dde522b20d923a7b428c006fbb9eca53a0825ba47 deps-20260618-140357
flac 1.4.3 windows aarch64 flac-1.4.3-windows-aarch64-b8e29fd3b7a2.7z 85b72d9232b1c772560a31e4cda9fdf627a0ae60b057f29f5be62a6f5107d21e deps-20260618-140357
flac 1.4.3 windows x86_64 flac-1.4.3-windows-x86_64-a00e1b2f9401.7z bffbec9a082c8209d25c8b1491f603fb0e4742f7281620744a79ca441b78edea deps-20260618-140357
freetype 2.14.1 linux aarch64 freetype-2.14.1-linux-aarch64-5dc46259691b.7z 0e5337412361db4787632ba2acc5ebe4af1a3cb84991b87b0fb3c8c2b6f22dbf deps-20260618-140357
freetype 2.14.1 linux x86_64 freetype-2.14.1-linux-x86_64-e1d773b93b18.7z 302a9ed03d86997320ce97898666417e24a8821b9aa34fbced1085900e35d215 deps-20260618-140357
freetype 2.14.1 macos aarch64 freetype-2.14.1-macos-aarch64-38edfda134fd.7z cdc8fffe9a873e8fd40887839c0a6a97edf78bbc2c9fe04804e93e44e72e2a3e deps-20260618-140357
freetype 2.14.1 macos universal freetype-2.14.1-macos-universal-aaa7dbb9b2cc.7z b156ccac113881d7ca9b7364ded4679e8f2a40c6ee54564cae98732838c9a941 deps-20260618-140357
freetype 2.14.1 macos x86_64 freetype-2.14.1-macos-x86_64-99eefc87d117.7z a5c32071e532a0df240fc53071e603a7b24edd89e7d5998d48584c305d4847ae deps-20260618-140357
freetype 2.14.1 windows aarch64 freetype-2.14.1-windows-aarch64-fda314b3ff47.7z 02535b598a305ce5328e00ab94b63d99d3bb87c86ef4050df7bac96be3a5e4bb deps-20260618-140357
freetype 2.14.1 windows x86_64 freetype-2.14.1-windows-x86_64-345b196303b1.7z f762094107393c75517b986c8b44069935419f7fe6dde38237b6ba9b176782fc deps-20260618-140357
harfbuzz 12.3.0 linux aarch64 harfbuzz-12.3.0-linux-aarch64-b14cdc5962a4.7z 896ecd764b6d1c11ea329045c43eb44c2325272e5698b48c0d64143ae0e8cafa deps-20260618-140357
harfbuzz 12.3.0 linux x86_64 harfbuzz-12.3.0-linux-x86_64-8edb4a7035dd.7z ce8cc927bf63205f0649e2df4a27d80a552583f6b119fe4ada216fc4a23014f0 deps-20260618-140357
harfbuzz 12.3.0 macos aarch64 harfbuzz-12.3.0-macos-aarch64-839078d84ad6.7z e755546c8902cf6f5aa7226c7aab35a6c2d1249fb93a0c1a9224f710f624521f deps-20260618-140357
harfbuzz 12.3.0 macos universal harfbuzz-12.3.0-macos-universal-87985c5e33ad.7z b7e8be83352c8ab0c838b329066ad8c8007c302d6a33750d0203e0cf12696bae deps-20260618-140357
harfbuzz 12.3.0 macos x86_64 harfbuzz-12.3.0-macos-x86_64-421dfd196e94.7z b12f92facda0e8ca85abf6b165f4a07fde079a17ee19402801f55ef5fd348b77 deps-20260618-140357
harfbuzz 12.3.0 windows aarch64 harfbuzz-12.3.0-windows-aarch64-45d32de5cbe7.7z ebb87a32e9cc40056b7eb326243e8e5bc39e38ff4485e709a7803d5960e3a855 deps-20260618-140357
harfbuzz 12.3.0 windows x86_64 harfbuzz-12.3.0-windows-x86_64-c8a4686862f8.7z 0c039bcbe2bdb20b0ead8ff0586f8c8ed43082dbb78da2811d7495ed1bd2b738 deps-20260618-140357
json_schema_validator 2.4.0 linux aarch64 json_schema_validator-2.4.0-linux-aarch64-e142b519a2a1.7z 6f07f625bbb9df623730826b68a11991edca25039df9809d5a0b9d30e4ba1aba deps-20260618-140357
json_schema_validator 2.4.0 linux x86_64 json_schema_validator-2.4.0-linux-x86_64-e4474c82ee63.7z 269a9fc6bf00c8df9bef14538dee82312b9d330baf6dae8d0e3bc32610e19366 deps-20260618-140357
json_schema_validator 2.4.0 macos aarch64 json_schema_validator-2.4.0-macos-aarch64-eb23b7d6d43a.7z 8902825d80252f328443750c57c2662021cd2c0dcddd2de16297156b9de1fda2 deps-20260618-140357
json_schema_validator 2.4.0 macos universal json_schema_validator-2.4.0-macos-universal-83b1f4c4ffa8.7z 5f76eb8c31300f0047b789be2f5260102b1b41f288c41e463f2890cdd9e9eaad deps-20260618-140357
json_schema_validator 2.4.0 macos x86_64 json_schema_validator-2.4.0-macos-x86_64-eb3642d4bb49.7z c211837ef19ad3f7fc588d6a4187d68da5b607856b2a05481417c364bbb6464d deps-20260618-140357
json_schema_validator 2.4.0 windows aarch64 json_schema_validator-2.4.0-windows-aarch64-23bb95983b6f.7z 8df3591a9339340b98cbffcc5a6ca06d0641e615263420355691f15cecfc6956 deps-20260618-140357
json_schema_validator 2.4.0 windows x86_64 json_schema_validator-2.4.0-windows-x86_64-ed7bc7de6cd4.7z 1fa5676cf0e191fb5e2b7090c3e4ff87806fc15e73e99b890aac7d0d9a0b98ff deps-20260618-140357
lame 3.100 linux aarch64 lame-3.100-linux-aarch64-ecfc5495e202.7z 4f51545240e93ab118967c6ae199371c5c9e8782e69d4bd9c611ef6aa311f3ad deps-20260618-140357
lame 3.100 linux x86_64 lame-3.100-linux-x86_64-aae8e2535b56.7z 7dd58d006deeac953231b5af4ad5aa5b802afd7798823123ceaeec5731f9f538 deps-20260618-140357
lame 3.100 macos aarch64 lame-3.100-macos-aarch64-3f73c9ecce24.7z 9253271fa133a0ec540f58ea973842f96149fb34f1d738b4e34b915f4fd0bdb6 deps-20260618-140357
lame 3.100 macos universal lame-3.100-macos-universal-2ce4c34fdc5f.7z 8b6b0039f0c085c907a2c0f93798061365d1b3499ebf44878aedc5ac53c8feb2 deps-20260618-140357
lame 3.100 macos x86_64 lame-3.100-macos-x86_64-7b47bade9773.7z 7bfa777a41935c9583428dc0753ce335b2ad1ce61ad0aba00a33d3824c7edb75 deps-20260618-140357
lame 3.100 windows aarch64 lame-3.100-windows-aarch64-042779a6a40b.7z 4bca0fe1de9714f2d569f151c76156890785dec3282c2106bae1c6e20418d9b2 deps-20260618-140357
lame 3.100 windows x86_64 lame-3.100-windows-x86_64-6476813a5094.7z 9449b8c2bfb36413a86455ade3cd96acaa051a1274ecca19763f899802d496cf deps-20260618-140357
libsndfile 1.2.2 linux aarch64 libsndfile-1.2.2-linux-aarch64-401866f7f0d4.7z c22aa1fc233f26fdc954f2a6e3e169ca96329088e9f1d55dccce7444868f8d69 deps-20260618-140357
libsndfile 1.2.2 linux x86_64 libsndfile-1.2.2-linux-x86_64-d276e1516239.7z 1986a482ea0f71affc05aa8dfb5a5fdfe31aa5ccfb09972191571197946da769 deps-20260618-140357
libsndfile 1.2.2 macos aarch64 libsndfile-1.2.2-macos-aarch64-8f8b0322c67a.7z 8e62225396178eadd139dc75d0678f6fad602bc5c3be4a056699c6f001dd337a deps-20260618-140357
libsndfile 1.2.2 macos universal libsndfile-1.2.2-macos-universal-1a6098857c17.7z 55e23f666abd7709db23f9ba6047be9b60601a6c806f3a0a218aa1576cd5a32e deps-20260618-140357
libsndfile 1.2.2 macos x86_64 libsndfile-1.2.2-macos-x86_64-bdab0d95d5a1.7z f984e97be2b2969686acea8468634224c5a93437dc8e74f7a6f4e53850f55936 deps-20260618-140357
libsndfile 1.2.2 windows aarch64 libsndfile-1.2.2-windows-aarch64-358088146719.7z 40534fcc4888d575685b85be5d4755cc0359a8c4097e089776f65ed00eddc21c deps-20260618-140357
libsndfile 1.2.2 windows x86_64 libsndfile-1.2.2-windows-x86_64-cb89f26734ca.7z b6725f60cf20f0acd67f9ef9344aedd747397539a36dc9c6a0a855e69d6969c6 deps-20260618-140357
mpg123 1.32.10 linux aarch64 mpg123-1.32.10-linux-aarch64-23eca01fc44f.7z b6163f21d2c84dcdb334acab83a53bfa391bd9ef54da2feffcc388ae654edf60 deps-20260618-140357
mpg123 1.32.10 linux x86_64 mpg123-1.32.10-linux-x86_64-7839e3ae1e97.7z 33e98cc03715ade7b6fc1200a625d0a0a7988feefd9f858867be2613ce69363f deps-20260618-140357
mpg123 1.32.10 macos aarch64 mpg123-1.32.10-macos-aarch64-136d32975897.7z ad1507576f7e3122cf0097ac473b23066834a669b762f675889871d561e62353 deps-20260618-140357
mpg123 1.32.10 macos universal mpg123-1.32.10-macos-universal-646836deee83.7z 9301e33aa6ea63963211598608b806329d97a51f7c6d4c444cb2a4aefcca446d deps-20260618-140357
mpg123 1.32.10 macos x86_64 mpg123-1.32.10-macos-x86_64-8ffd3c753435.7z a0e9b563e90c5a8507abd38e0e32a982bf7241d77e855b1c6a91ccc2a19d5739 deps-20260618-140357
mpg123 1.32.10 windows aarch64 mpg123-1.32.10-windows-aarch64-791a017073f3.7z 647fb25314507a44c779638898918e508b8c80abdea3ed38a2368b3b27a46672 deps-20260618-140357
mpg123 1.32.10 windows x86_64 mpg123-1.32.10-windows-x86_64-af32f7f50bc2.7z d98eecdb7804cc260ad4789cd35ed0baf8812e3fbf7b1d4ff02aa20c5eecd56c deps-20260618-140357
nlohmann_json 3.12.0 linux aarch64 nlohmann_json-3.12.0-linux-aarch64-68286db7d32a.7z 728a1b88c15851e7cf22bd2cf25acac35215336c82615429495d892bbcc29bf1 deps-20260618-140357
nlohmann_json 3.12.0 linux x86_64 nlohmann_json-3.12.0-linux-x86_64-fe05b60656a8.7z 5fe70bf20a081828d9fe0e1026f5bfdc7dc5ae4a135d0736880d419896698eda deps-20260618-140357
nlohmann_json 3.12.0 macos aarch64 nlohmann_json-3.12.0-macos-aarch64-bbb417111d11.7z d403924b96ecc0e0c21e58f514032aba12320832604c710919eb87fa8be92459 deps-20260618-140357
nlohmann_json 3.12.0 macos universal nlohmann_json-3.12.0-macos-universal-9753a099a73d.7z caac7ccb3832e0308187140ec0bda8a35ff7c92726394cbf88f0831e1edca642 deps-20260618-140357
nlohmann_json 3.12.0 macos x86_64 nlohmann_json-3.12.0-macos-x86_64-0bb46c2b8d3c.7z 15566e4f0e3eee9a470abd7099a8d124cd5e8a3162cad01555d4db6ec075866c deps-20260618-140357
nlohmann_json 3.12.0 windows aarch64 nlohmann_json-3.12.0-windows-aarch64-674466c5b23a.7z dfb14512af7aacbabe17908f4efe64bc67a799b3742f063861ccbaeedf86856e deps-20260618-140357
nlohmann_json 3.12.0 windows x86_64 nlohmann_json-3.12.0-windows-x86_64-635e33c0ce72.7z a1114e914dc17fac6441e7e023510c665702908b315895ae6d6a1554b025275b deps-20260618-140357
ogg 1.3.5 linux aarch64 ogg-1.3.5-linux-aarch64-ce9208f1c7c2.7z 4abe23af7bd52b2fa428d39748b88e137a61de05ee88854558689f9299ca2df5 deps-20260618-140357
ogg 1.3.5 linux x86_64 ogg-1.3.5-linux-x86_64-1a07eb70ce3b.7z da8121b55aebc32afdbf0a2720bfcaeddd9cbc0f6799a58a81f938321d54712d deps-20260618-140357
ogg 1.3.5 macos aarch64 ogg-1.3.5-macos-aarch64-e6e69b9c1190.7z d4ae16b7899284c389261db62857d113eab415f49dbae80e4adeaf78549198ab deps-20260618-140357
ogg 1.3.5 macos universal ogg-1.3.5-macos-universal-2f1268eca061.7z efb81a01e3d39dd593f3e51c5e7fbbe96060990e0f817475373806a34d554f41 deps-20260618-140357
ogg 1.3.5 macos x86_64 ogg-1.3.5-macos-x86_64-95c9a02edafa.7z e78c886a4808644e437ef63fa50cfa35ba725516a688a6fa93252065332260c4 deps-20260618-140357
ogg 1.3.5 windows aarch64 ogg-1.3.5-windows-aarch64-0a5a8b71a5e9.7z a01093adfc368199edef8895b0c88ab010101e66096263b9a56396149d01d1f4 deps-20260618-140357
ogg 1.3.5 windows x86_64 ogg-1.3.5-windows-x86_64-740a593cc4c0.7z 03e110a3586890df0a46414cf594051fb4683dce20314f0d0bf5983729c37264 deps-20260618-140357
opus 1.5.2 linux aarch64 opus-1.5.2-linux-aarch64-86bb9ff73001.7z 8e41b961d4590c19c18490c9389d8ae0af5ebdb410130254af2f3c20f1d9e3f4 deps-20260618-140357
opus 1.5.2 linux x86_64 opus-1.5.2-linux-x86_64-2d96b1f418ed.7z 7bd6f01eae63b3be3857e9051aed0fd53129a149a37234e6e713477b175e6a53 deps-20260618-140357
opus 1.5.2 macos aarch64 opus-1.5.2-macos-aarch64-08e4fb6e212a.7z 6d851d9962c8c48d18a31b00aea17a4aeda339fd87c21298dcaf8f5a9d9f33ed deps-20260618-140357
opus 1.5.2 macos universal opus-1.5.2-macos-universal-2a48d9de92db.7z 52f0577622470b08f5587a0b20e89609124ef26b4bc0893280120fcbe18ccf59 deps-20260618-140357
opus 1.5.2 macos x86_64 opus-1.5.2-macos-x86_64-d89e3e8c40a6.7z 6818f58debe8718c1035ad169ebd1089a1d87294989973114a79593874490c0e deps-20260618-140357
opus 1.5.2 windows aarch64 opus-1.5.2-windows-aarch64-6521e931bf20.7z 389b27f20e034d08c838e2e1766ba79ca51f9fe03f94709a3e528d5b322a580c deps-20260618-140357
opus 1.5.2 windows x86_64 opus-1.5.2-windows-x86_64-f39afea09960.7z 39ab90eef0cb21a5b1d99f4b0e78b1133b946e9e98e61a66bc636d844bbec9a4 deps-20260618-140357
opusenc 0.2.1 linux aarch64 opusenc-0.2.1-linux-aarch64-b4207da0a05a.7z f0a53576ecc05562600193b375473ad85905d4b968e938a50cb112c5f7ed67be deps-20260618-140357
opusenc 0.2.1 linux x86_64 opusenc-0.2.1-linux-x86_64-0d6271383388.7z 140afc1c6797b8f7c0aa195511aec874d45e0916a91e908ff1a2599b42641f64 deps-20260618-140357
opusenc 0.2.1 macos aarch64 opusenc-0.2.1-macos-aarch64-83e86183fcea.7z 1fc9a9caa700c4c0e4da2ae30394886915dec30ced5709923304c9e0d4e72548 deps-20260618-140357
opusenc 0.2.1 macos universal opusenc-0.2.1-macos-universal-3aed064e37d5.7z 33edfd58f90f9440666b51e9d1e1445ca9cc2cae168bdd3951e18b4ac7cff0e9 deps-20260618-140357
opusenc 0.2.1 macos x86_64 opusenc-0.2.1-macos-x86_64-0b7c2604cd15.7z d23bc68b526c827819c42b3f3f2a78da8caccc88d0640745cec41f745966c367 deps-20260618-140357
opusenc 0.2.1 windows aarch64 opusenc-0.2.1-windows-aarch64-70eb33f220a9.7z d77b398d052dff5357670ccb8cda911ea58092109b60d7499b94ec3d62b5eade deps-20260618-140357
opusenc 0.2.1 windows x86_64 opusenc-0.2.1-windows-x86_64-32ae3bda59b0.7z 6de5b1898de97fe8fdcab282a84ff2c9941e93ef934f2e6cabe24783450c7eb3 deps-20260618-140357
opusfile 0.12 linux aarch64 opusfile-0.12-linux-aarch64-776c8b09e643.7z 48c505492d5d93ec3dd7b0ca6ce135da32ca5b7f8abed9e023aa1675b55be420 deps-20260618-140357
opusfile 0.12 linux x86_64 opusfile-0.12-linux-x86_64-0b988f5742ef.7z 4fcb0206caa5a696b474a5caa883d0faeb69edd12856a650fcdbb555de0e6af4 deps-20260618-140357
opusfile 0.12 macos aarch64 opusfile-0.12-macos-aarch64-73d910c4d1ad.7z 0270d8ede0e096dfb3aa163ccc3393bf8af44fd6da5fd50bd6319704ea7a53b0 deps-20260618-140357
opusfile 0.12 macos universal opusfile-0.12-macos-universal-c65c0d450a29.7z 519fd8f4a8d409457ee186db9521d118e9a22594d3195a6bd099728cbe0292ff deps-20260618-140357
opusfile 0.12 macos x86_64 opusfile-0.12-macos-x86_64-cca125051f5d.7z 5fd97eb4ab115df7e613a44de56325f584b68b84fdc3954ed9643421035e666f deps-20260618-140357
opusfile 0.12 windows aarch64 opusfile-0.12-windows-aarch64-aeaa146216ac.7z d129e0f287305cdbd073c449506229092cd0fc00f6df184bbf1b611e27b5ae0e deps-20260618-140357
opusfile 0.12 windows x86_64 opusfile-0.12-windows-x86_64-f51f23927b59.7z 16db58279aebc7c27ebe2fd24350b89506d8928f8c64f25c67e1bf1b67732a0d deps-20260618-140357
portaudio 19.7.0 linux aarch64 portaudio-19.7.0-linux-aarch64-1db7a9c2352e.7z 03b4eceab9e9a0452660ab7b821bdbd2bdbd67dc489e84e1b9a0d8c3672b0299 deps-20260618-140357
portaudio 19.7.0 linux x86_64 portaudio-19.7.0-linux-x86_64-74253b535cea.7z d9e62f1dad38563214bc902b367e388a8597e87024cc6cf18fdca7acd672ab1b deps-20260618-140357
portaudio 19.7.0 macos aarch64 portaudio-19.7.0-macos-aarch64-166b738e56a7.7z 017ff43675737aa11ee6736af4c808a926bb70f024101961776afb24cb6bb73e deps-20260618-140357
portaudio 19.7.0 macos universal portaudio-19.7.0-macos-universal-979e6b4b1faa.7z 8ec57fec28d1541ef3971c3cf8b4ace6821cd4c58feff2987a87faceeff62ead deps-20260618-140357
portaudio 19.7.0 macos x86_64 portaudio-19.7.0-macos-x86_64-3487bfe6c5ce.7z f1804351f1424591781df73674bb6e0e543110e7c4f08c3ae86bbabb0ea5401a deps-20260618-140357
portaudio 19.7.0 windows aarch64 portaudio-19.7.0-windows-aarch64-e936781acc1c.7z 527835b8d294e55ab75c3fba5eb3a00b26c0793e40c2adaa8ddffffb9ae5c7b9 deps-20260618-140357
portaudio 19.7.0 windows x86_64 portaudio-19.7.0-windows-x86_64-c96ff3073aa6.7z 92a7c16045e35de5770e243e5a67d7085379255227ff2e07d9a3e29ca9731077 deps-20260618-140357
uncrustify 0.74.0 linux aarch64 uncrustify-0.74.0-linux-aarch64-1b641b7aa3c8.7z 99fdac4dfaed738d5e8c121d93cd462ffa8b3b02aa5b3c9a8469ff743451560c deps-20260618-140357
uncrustify 0.74.0 linux x86_64 uncrustify-0.74.0-linux-x86_64-e3d709e8e61a.7z 823aa67e7fb671ef73a58e67666ab36ea43c461472ded28d67370c473bec2ef4 deps-20260618-140357
uncrustify 0.74.0 macos aarch64 uncrustify-0.74.0-macos-aarch64-085aa2b592de.7z 7975cc2cd69b5f0922568a75dc1a69b4a0ba0d0cc9ea9689b9a7096ae13472f9 deps-20260618-140357
uncrustify 0.74.0 macos universal uncrustify-0.74.0-macos-universal-b5f25cb32c77.7z 05ef3570ba587252a555cafb4611e8a26ac0223f909fce510878015d5e46ed94 deps-20260618-140357
uncrustify 0.74.0 macos x86_64 uncrustify-0.74.0-macos-x86_64-9adc9e22f671.7z d02e99148fdb6f2c3655b551be52d7dd99d01a8b49a3a90e839be4d24da106e6 deps-20260618-140357
uncrustify 0.74.0 windows aarch64 uncrustify-0.74.0-windows-aarch64-474f8ee04039.7z 662cdc9a43b28cc522ade79df525ca8bf418a3fb7c20a758fc9a1cf39ca7b31a deps-20260618-140357
uncrustify 0.74.0 windows x86_64 uncrustify-0.74.0-windows-x86_64-a90a189695b3.7z 3099afb0a950895a59bbb7eae51d81054460b8a281f1f4e3c41edfd9e477997e deps-20260618-140357
vorbis 1.3.7 linux aarch64 vorbis-1.3.7-linux-aarch64-9d537fab9021.7z 678ffeb6fc010261e88c9f3319978376b6e2c70a60651d4e9c6fe7944dcb5242 deps-20260618-140357
vorbis 1.3.7 linux x86_64 vorbis-1.3.7-linux-x86_64-b686b73efe92.7z 8fee95d3a9aef353803884a3258ab436c21a1d948fd6e63c8ebbcdcb973bdbc4 deps-20260618-140357
vorbis 1.3.7 macos aarch64 vorbis-1.3.7-macos-aarch64-7234c9050974.7z 786b3c6da6a0f9ec701451c2772f58d886cdae17734042bd9327ed2d3ad57324 deps-20260618-140357
vorbis 1.3.7 macos universal vorbis-1.3.7-macos-universal-b14691062813.7z 81f890516685a751ee37cf458e96c198c22b84f84374174ee1368fee9496a265 deps-20260618-140357
vorbis 1.3.7 macos x86_64 vorbis-1.3.7-macos-x86_64-603335b1b276.7z 7ced3be4eec3d9e1225cb8b6fb3d84ba848997ec03f216d212f98170c769799a deps-20260618-140357
vorbis 1.3.7 windows aarch64 vorbis-1.3.7-windows-aarch64-86bcd96c09e4.7z 28fd4c1fc9b1f9dffaa60526d75cc89d45e6a856ac1d3f53760bf173170c7861 deps-20260618-140357
vorbis 1.3.7 windows x86_64 vorbis-1.3.7-windows-x86_64-9c339cc07480.7z 5f602ff0cf7ad2835d9b93b1ae97fea995772b73137d1efbb74c7b01655972cd deps-20260618-140357
wavpack 5.7.0 linux aarch64 wavpack-5.7.0-linux-aarch64-12d8dc24b01e.7z a7d5b82a1d5853ce8ed60518cdfd7eda5e60f3e2dc498d8cc69ebd67b68a7411 deps-20260618-140357
wavpack 5.7.0 linux x86_64 wavpack-5.7.0-linux-x86_64-2ee143f97c8c.7z 90f1ea6b29cf8fc0fd09166b95158833485a62c52df0968935bc0ad76331287b deps-20260618-140357
wavpack 5.7.0 macos aarch64 wavpack-5.7.0-macos-aarch64-21e7bac23f7d.7z efbc137d502a8a42093a9ea54ccbd5415876fd882574f662efb1686d80bf4e9f deps-20260618-140357
wavpack 5.7.0 macos universal wavpack-5.7.0-macos-universal-d60a6292136f.7z 31cced8a1146bb7c934b6e766fecf75b23f0d8c3ab1378d0c626ff2824d061a9 deps-20260618-140357
wavpack 5.7.0 macos x86_64 wavpack-5.7.0-macos-x86_64-be5282d7a34e.7z 0ecaa301733bc83da0f3773fa025ee0d56e26ea221a4e0fe5a058c214d83c045 deps-20260618-140357
wavpack 5.7.0 windows aarch64 wavpack-5.7.0-windows-aarch64-883842c29b6f.7z 08627e15b8bdb04f448e3421870faab43c7051b36d1f79d5b553df8e102716ad deps-20260618-140357
wavpack 5.7.0 windows x86_64 wavpack-5.7.0-windows-x86_64-02984589e052.7z ac18ce4e036bd07e8a062eff2a3e95117a765d499bc6175d50641f212858661c deps-20260618-140357
wxwidgets 3.2.6 linux aarch64 wxwidgets-3.2.6-linux-aarch64-77e8f29fe437.7z f7a6e34dc59a5ae37a934e35d543750cb0e958f88376d7b19d91de25daeb657e deps-20260618-140357
wxwidgets 3.2.6 linux x86_64 wxwidgets-3.2.6-linux-x86_64-fdedefbf31e6.7z e88528cb4def1b72745d39948bc56081205a680df336cc23cdc04eac7c05cc68 deps-20260618-140357
wxwidgets 3.2.6 macos aarch64 wxwidgets-3.2.6-macos-aarch64-0756448da1d9.7z 6f1193436d1084969f94ed8936061234ce4f0d3484494aee9b1df194dcbba944 deps-20260618-140357
wxwidgets 3.2.6 macos universal wxwidgets-3.2.6-macos-universal-e30389aa94cc.7z 177d0970f9196c2e3e949e899b72e0cec2ba41847a2800380b966b344739b46a deps-20260618-140357
wxwidgets 3.2.6 macos x86_64 wxwidgets-3.2.6-macos-x86_64-60cca40a2f60.7z a96619f5ec631286f4add529892ecaf56f654f1bdd31521bc2836978016cf88c deps-20260618-140357
wxwidgets 3.2.6 windows aarch64 wxwidgets-3.2.6-windows-aarch64-7177dd86e163.7z dd8cc63f4cc50554a4fc099e75954ea5a36fe1136acf12fab59ddf734b613725 deps-20260618-140357
wxwidgets 3.2.6 windows x86_64 wxwidgets-3.2.6-windows-x86_64-572482cdda2a.7z 08551cc923f98ae90c1f658d314ffcdc7daa55983b0a3db0ac74aa673d4acee7 deps-20260618-140357
yasm 1.3.0 windows x86_64 yasm-1.3.0-windows-x86_64-525393c801f3.7z 002b77e9c7f4056c66c26351b9ccb0f65947a26cceca9b1933f8923f848fd9a4 deps-20260618-140357
zlib 1.3.1 linux aarch64 zlib-1.3.1-linux-aarch64-6aaf15861031.7z 0c364ba6f51bdff5eac146a8c9254f7b31c3c914eccf116da9ff19a07de74454 deps-20260618-140357
zlib 1.3.1 linux x86_64 zlib-1.3.1-linux-x86_64-588569b83ae3.7z aad379ca203b11e5a06526e13d345588d75d286541f09539e8829d89f79158b3 deps-20260618-140357
zlib 1.3.1 macos aarch64 zlib-1.3.1-macos-aarch64-6eacfff4c385.7z 4feafd3b187958cda2e56570b1fbdc48b876891b16e1111572c8219f7e22d50e deps-20260618-140357
zlib 1.3.1 macos universal zlib-1.3.1-macos-universal-1619680024fb.7z 5f40e4792c7f707739ff5efae1c236048817180a0889574483170b17884f7984 deps-20260618-140357
zlib 1.3.1 macos x86_64 zlib-1.3.1-macos-x86_64-e1ea2159857b.7z 53bac793c407b1b9560dd662985e310796300ac07284b414002b61d928148b9a deps-20260618-140357
zlib 1.3.1 windows aarch64 zlib-1.3.1-windows-aarch64-9aaea788c7a6.7z 1074fb2ac80fae382749201103eee414b872f65da9baa1dd59f810d945edb77f deps-20260618-140357
zlib 1.3.1 windows x86_64 zlib-1.3.1-windows-x86_64-7a07bc1441ca.7z 499b4b3f5ad56a1070de76aebfa12b4993ca38ade3039c09a8e258d6a8feb0d7 deps-20260618-140357
