crashpad_handler ae5b334b23ec1331b13086beb73bde8168f0b386 linux aarch64 crashpad_handler-ae5b334b23ec1331b13086beb73bde8168f0b386-linux-aarch64-e26069d7750d.7z 93e99802bbea5ed3303ec1a4ff28a2672e3ba4655f20082fec5506bfdf1a3e4c deps-20260715-093446
crashpad_handler ae5b334b23ec1331b13086beb73bde8168f0b386 linux x86_64 crashpad_handler-ae5b334b23ec1331b13086beb73bde8168f0b386-linux-x86_64-0d3af2680962.7z ed5082b4719f863876017a1860ee4b0842d8f68e7c3ed5e7c295d8b3cefaf746 deps-20260715-093446
crashpad_handler ae5b334b23ec1331b13086beb73bde8168f0b386 macos aarch64 crashpad_handler-ae5b334b23ec1331b13086beb73bde8168f0b386-macos-aarch64-ac9b5e04b806.7z 5ad1722e2ae04434fef078c0927b5d2bc4c9bba7ea699b1e213d3fd2a3a8f61d deps-20260715-093446
crashpad_handler ae5b334b23ec1331b13086beb73bde8168f0b386 macos universal crashpad_handler-ae5b334b23ec1331b13086beb73bde8168f0b386-macos-universal-9db8a910f7e5.7z 797d38a5e3dcaefced33b75ec0c1d8ce790222e5b582c826fb91e48700142341 deps-20260715-093446
crashpad_handler ae5b334b23ec1331b13086beb73bde8168f0b386 macos x86_64 crashpad_handler-ae5b334b23ec1331b13086beb73bde8168f0b386-macos-x86_64-98c74f68461d.7z 6578ea06170b8a4169fb21a7a694f6da1ecf5840a15259dcf085d34f454e46bc deps-20260715-093446
crashpad_handler ae5b334b23ec1331b13086beb73bde8168f0b386 windows aarch64 crashpad_handler-ae5b334b23ec1331b13086beb73bde8168f0b386-windows-aarch64-5b9134f29dc7.7z 4c40124c4eb81099d8377c5d1f13e4e1394a938a57a954d5f5ef5ac0dde6a205 deps-20260715-093446
crashpad_handler ae5b334b23ec1331b13086beb73bde8168f0b386 windows x86_64 crashpad_handler-ae5b334b23ec1331b13086beb73bde8168f0b386-windows-x86_64-5b7c2a5b26ee.7z 9cf02b8a7eefa3ed1ce1d59a4827fe91f30f206c75c4136733918a9b4cf93485 deps-20260715-093446
dump_syms 2026.06.12 linux aarch64 dump_syms-2026.06.12-linux-aarch64-48fe1d617334.7z 179ea7ee462e498dc6b4f298707b3163e96548a39ff48146f0eb06341db42fe8 deps-20260715-093446
dump_syms 2026.06.12 linux x86_64 dump_syms-2026.06.12-linux-x86_64-e2429f1ca0a3.7z c17ec04f7c9ad4cdd1980c6b6b86222832adfa49d1903c2d0537f43df7deccf3 deps-20260715-093446
dump_syms 2026.06.12 macos aarch64 dump_syms-2026.06.12-macos-aarch64-4a7c2f4e6f8d.7z d38a52fe7dba263e4d6a02c9b3f9e74d0c22e4b088b76a5d5487d520a7e4cbc1 deps-20260715-093446
dump_syms 2026.06.12 macos universal dump_syms-2026.06.12-macos-universal-2c0d2b136c44.7z 7467fecf02c314dbdc3d39f1b06a0d9e158046819ccb34dce8b82c06dbb84087 deps-20260715-093446
dump_syms 2026.06.12 macos x86_64 dump_syms-2026.06.12-macos-x86_64-2eceec9abd51.7z 4689a012a7261176aedfe42f8376c0e015201d28c6506460e048102a301ec0a9 deps-20260715-093446
dump_syms 2026.06.12 windows x86_64 dump_syms-2026.06.12-windows-x86_64-afadb97ed5bd.7z e4c637f5a11265eac6dc5ef1d26d35f59d7c7c09f0537f1210fae3263fc9d660 deps-20260715-093446
expat 2.7.1 linux aarch64 expat-2.7.1-linux-aarch64-1345f4f3ad32.7z 6b3af047c0adb1aeb4a20addd1be501a1ba0d8bd6aea99331955d88e5de15996 deps-20260715-093446
expat 2.7.1 linux x86_64 expat-2.7.1-linux-x86_64-e89b9a1e2a22.7z d5ec71d2c2a6113c4ebea270e6f3b12ced84dd55f508582fb0749c96f3c44eac deps-20260715-093446
expat 2.7.1 macos aarch64 expat-2.7.1-macos-aarch64-b864695c15bd.7z 351be8623c0f4d6c8e679232c78b40086a219115222d5c8db8f3cc0d7ad1b306 deps-20260715-093446
expat 2.7.1 macos universal expat-2.7.1-macos-universal-a502c26bf975.7z 4b38569906b99c1140e77012353c59dfe0da644bfe65f096be4de2bc69373ef8 deps-20260715-093446
expat 2.7.1 macos x86_64 expat-2.7.1-macos-x86_64-61b57b1b6b8d.7z 85e10a98038062b9cc9c3cc3b544c99621470b350726236cba4f7a069fd8e604 deps-20260715-093446
expat 2.7.1 windows aarch64 expat-2.7.1-windows-aarch64-dd1fa83e85da.7z 479a880f3299c43edecfd8513e1baf954cbff85803e5de9c4f8fa2844dfebdec deps-20260715-093446
expat 2.7.1 windows x86_64 expat-2.7.1-windows-x86_64-c60ead56fc03.7z 82f525d5e34f9184ed459c25d107345fb36ee89e09dab35bcb91f7c827e4bd69 deps-20260715-093446
fdk-aac 2.0.3 linux aarch64 fdk-aac-2.0.3-linux-aarch64-109238097f32.7z a974288f316cf72a5fc300f6381716657776aa72f048924781e5e042744285bc deps-20260715-093446
fdk-aac 2.0.3 linux x86_64 fdk-aac-2.0.3-linux-x86_64-389c688be3b7.7z 1c1b2070c850c023e81652d5fe964bc9b011f8db8fdee19af31b6f75b5aed774 deps-20260715-093446
fdk-aac 2.0.3 macos aarch64 fdk-aac-2.0.3-macos-aarch64-57d8a03ae004.7z e198edc6ea3a394bf68c295f994ddef49d1f6ef25d10767b40ca88812628d76e deps-20260715-093446
fdk-aac 2.0.3 macos universal fdk-aac-2.0.3-macos-universal-e5d65dfc08dc.7z 60056989a05be2331b55e588f55af6a4c96334aa0f05757a967a4cc65e48d0e3 deps-20260715-093446
fdk-aac 2.0.3 macos x86_64 fdk-aac-2.0.3-macos-x86_64-660e6338467e.7z 0f44a49ca29bd5d5755d7801dbf6d9a2903e3ce397887c2f084c6aa921f1f6a8 deps-20260715-093446
fdk-aac 2.0.3 windows aarch64 fdk-aac-2.0.3-windows-aarch64-bacd063382da.7z 1250b30d755300d7dd5c770a479caa29cd34b3e554d56094caf2e174aa7834c7 deps-20260715-093446
fdk-aac 2.0.3 windows x86_64 fdk-aac-2.0.3-windows-x86_64-82ca6c294c60.7z fdf9fe0a092afc7b23fe8333ef19b8777455b567606b157189db292f2fa2b417 deps-20260715-093446
flac 1.4.3 linux aarch64 flac-1.4.3-linux-aarch64-49edcac152d8.7z c3f93ff24833460a276a3c65f235076e6cb3548d801864a0f9f4ae0321e16053 deps-20260715-093446
flac 1.4.3 linux x86_64 flac-1.4.3-linux-x86_64-ae2ae2e0e42a.7z 08c8a58320bd777daf4b3bfe363b9da5c71dfe5fa9768009dbc63435194fd1d7 deps-20260715-093446
flac 1.4.3 macos aarch64 flac-1.4.3-macos-aarch64-90b2ff982879.7z a0b41af057af55ec8e4cb1e52b37c8d774467aac4b93c3c0c74feddbc411eff3 deps-20260715-093446
flac 1.4.3 macos universal flac-1.4.3-macos-universal-7bd47c0248cf.7z 4ad9ceec1ab5211442afb9fc10dffd4bbc70e19304e1ea168c93d75d1c1f5186 deps-20260715-093446
flac 1.4.3 macos x86_64 flac-1.4.3-macos-x86_64-a666ea1d7fbb.7z d0de98467773af7923fbed1fda0ccc1d3c6df03ab4ef77705ca3530b77a523e7 deps-20260715-093446
flac 1.4.3 windows aarch64 flac-1.4.3-windows-aarch64-4ca068033015.7z df2d0b78690eded51ef9bd6e0df4b1d05aa92490855b119f12fb3a5153e6062e deps-20260715-093446
flac 1.4.3 windows x86_64 flac-1.4.3-windows-x86_64-0b2bfbb431a5.7z d55b6d1221f163b67cfb0ec94d80f29bc6f9124e93a4ee6c440d77a8a89d2c45 deps-20260715-093446
freetype 2.14.1 linux aarch64 freetype-2.14.1-linux-aarch64-48e13cee2228.7z f9f0794aa87491cb42579834048fb93d5ec22b7854b1913f5835bf41ec548905 deps-20260715-093446
freetype 2.14.1 linux x86_64 freetype-2.14.1-linux-x86_64-c420818a07fe.7z af39afaedf699f5e55ee7c3a597da72d905f2ae37b4da16b73f444b0435ffec8 deps-20260715-093446
freetype 2.14.1 macos aarch64 freetype-2.14.1-macos-aarch64-e5eb1e41a184.7z 6bf517268994536a09b41a3facb916583e72efb6f2a32e29f37c3a8a03dcea7a deps-20260715-093446
freetype 2.14.1 macos universal freetype-2.14.1-macos-universal-ce65d91bfb01.7z 08dd983fd14261d50eed8bc85717ffc97b4d946ff54dc330cf1cbec37049741b deps-20260715-093446
freetype 2.14.1 macos x86_64 freetype-2.14.1-macos-x86_64-98cce4cb71ce.7z 861e265a0e5d3abedcb66f5bd13f0bf09caedb7ee1d8eee952322693a654c181 deps-20260715-093446
freetype 2.14.1 windows aarch64 freetype-2.14.1-windows-aarch64-a713cf39d2eb.7z 738f562d0d5584ae95b7ebf80ea4321d38efad73418060fc03d1848c3b96e892 deps-20260715-093446
freetype 2.14.1 windows x86_64 freetype-2.14.1-windows-x86_64-d13da46f88a4.7z 100499451f8fea7f07332b124b333b8716187eebd6181603f5eeaea007a58c0b deps-20260715-093446
harfbuzz 12.3.0 linux aarch64 harfbuzz-12.3.0-linux-aarch64-c62d7671b8b7.7z bd67edbde25470785c1b23cf59bad6298d066b75a082b7585325f6c780ba3c7f deps-20260715-093446
harfbuzz 12.3.0 linux x86_64 harfbuzz-12.3.0-linux-x86_64-d31385d4fdb5.7z 2c882d65e04357dcb235e7184e5ee22908bc696fc5478f9d6949a9b3dca60392 deps-20260715-093446
harfbuzz 12.3.0 macos aarch64 harfbuzz-12.3.0-macos-aarch64-31007f188eb4.7z e50bd0ec717bc109f688c1075fdaa68a1ef2b0d870814ca682f5e72c3b96d215 deps-20260715-093446
harfbuzz 12.3.0 macos universal harfbuzz-12.3.0-macos-universal-3ac241d55031.7z bc82b1d8c82455d3855ebe65cc5e0fb527303ee5cd1040e723f03ec97bd288af deps-20260715-093446
harfbuzz 12.3.0 macos x86_64 harfbuzz-12.3.0-macos-x86_64-bc9312b243e2.7z a9f73a68554d883c63d454a3a7c4005d32ff0c75206e1355423f274e1f4a9f31 deps-20260715-093446
harfbuzz 12.3.0 windows aarch64 harfbuzz-12.3.0-windows-aarch64-36fde96c1b02.7z 6be253229ba0a2a2db1f16fc10cb8130413851a34970b08cc7170c4dc5fcfa50 deps-20260715-093446
harfbuzz 12.3.0 windows x86_64 harfbuzz-12.3.0-windows-x86_64-aec2a8a3ab7f.7z 99cb4c434af3ac056a53226c4158338a2762dbdbcc38daf3b529417641fdbe26 deps-20260715-093446
json_schema_validator 2.4.0 linux aarch64 json_schema_validator-2.4.0-linux-aarch64-aeb62c1f87ea.7z f9c95928a2159a952d98a3a083abab128dd06b5b6fc0f182c9a03bc1710e2c25 deps-20260715-093446
json_schema_validator 2.4.0 linux x86_64 json_schema_validator-2.4.0-linux-x86_64-a7178f7a3665.7z 52fae1488beac973f9cc7a4cb210159f2ee729859d81e1dc92cb956f2c95ae7a deps-20260715-093446
json_schema_validator 2.4.0 macos aarch64 json_schema_validator-2.4.0-macos-aarch64-a6093c9c3931.7z 54b75b7601287b18bcfb70af1236e03db4e81c99477a7c3a0602f21acfd6463f deps-20260715-093446
json_schema_validator 2.4.0 macos universal json_schema_validator-2.4.0-macos-universal-346264abc6fc.7z 0eaafce038cd59bb6c6cbd2e161831219fc3304ec50bc2437d9a87eeb2deecfe deps-20260715-093446
json_schema_validator 2.4.0 macos x86_64 json_schema_validator-2.4.0-macos-x86_64-62ad9586786c.7z 66ac9f417ea574df8e92817de791340a8aa77024966eabf21494c8ca39b0f36f deps-20260715-093446
json_schema_validator 2.4.0 windows aarch64 json_schema_validator-2.4.0-windows-aarch64-77443924e312.7z 6fbd1b488af2147d40f2850bf62a890f9075189d258cff5d8fd315762aeaca8d deps-20260715-093446
json_schema_validator 2.4.0 windows x86_64 json_schema_validator-2.4.0-windows-x86_64-0cd47f8bdae4.7z baa222aa0a2b4d2a7fe47201e0de310c047e42e740c286b6b4714ae3433d00fd deps-20260715-093446
lame 3.100 linux aarch64 lame-3.100-linux-aarch64-adb30a3fe6f3.7z 1f14fe04488f204e008e20007c32c42867ac0499444596e7319ad59aef4b597c deps-20260715-093446
lame 3.100 linux x86_64 lame-3.100-linux-x86_64-36ed99ecf98d.7z 25b7e74cc89d94d140c9e3ef00a1b52553d0b2c77dcf8fe3701bbe12745f390a deps-20260715-093446
lame 3.100 macos aarch64 lame-3.100-macos-aarch64-8aef2f5b5943.7z 66c75ea7fe7225057afb534f8bd11167a211af1a3684d4557bcb2f5e75c7b94b deps-20260715-093446
lame 3.100 macos universal lame-3.100-macos-universal-fa95113d2548.7z ee10bbe1ca7e6ba86adf52a0733c42f1942b8f8e5235f353cbb8294034ca3382 deps-20260715-093446
lame 3.100 macos x86_64 lame-3.100-macos-x86_64-58085e94104b.7z 49a639603dee980183f30e697d0a3511fde9a18e1525b12de50915bef6f16b07 deps-20260715-093446
lame 3.100 windows aarch64 lame-3.100-windows-aarch64-38306c0e455d.7z b6e664e0e7383e1728bdbd8c1d04944f785c006812f8420b889572a46c3a3064 deps-20260715-093446
lame 3.100 windows x86_64 lame-3.100-windows-x86_64-dd3d8a499360.7z 5066d6f53ef5ae188926767d85f21b4d1b1ea966002ee8342b1a6db2a58e5ee6 deps-20260715-093446
libpng 1.6.50 linux aarch64 libpng-1.6.50-linux-aarch64-d3e00d5b6328.7z 9bb46024e7a225916190198557620b45afbe072e027cb93abdfbcda170ec748b deps-20260715-093446
libpng 1.6.50 linux x86_64 libpng-1.6.50-linux-x86_64-2e049170d893.7z ac5752238760aa25c23ab57c04c832a3d1bab8cfd2a152f298a82b2914ca2c14 deps-20260715-093446
libpng 1.6.50 macos aarch64 libpng-1.6.50-macos-aarch64-b3342578c0c4.7z c5ac4a812b04e788ec32bcd89ef5170d033e58c483668deef09b7bcea2baf9b6 deps-20260715-093446
libpng 1.6.50 macos universal libpng-1.6.50-macos-universal-c60c18c622e6.7z 9df665bcb5c56d20c74ccb617db74d92ebcafaf72e7d8d4bf36120b1b2a0a345 deps-20260715-093446
libpng 1.6.50 macos x86_64 libpng-1.6.50-macos-x86_64-3e001fd77007.7z f9d5815e7d8be907c0536d253e9eafb0be8bc44667530fd43eb8798833112228 deps-20260715-093446
libpng 1.6.50 windows aarch64 libpng-1.6.50-windows-aarch64-432d52abb246.7z eae682077a82be369110f3264d707252da00d9cd8bb7760870e35bbd125c0232 deps-20260715-093446
libpng 1.6.50 windows x86_64 libpng-1.6.50-windows-x86_64-2419c77bf77c.7z 0806bc20578c05b551d634e641835c427b7837698ee0049595ff0ab2362d7a09 deps-20260715-093446
libsndfile 1.2.2 linux aarch64 libsndfile-1.2.2-linux-aarch64-5a7298f77d7b.7z a600dd6d17ff6ef2a2cd6bd86aa9e76c9ef582910b7d070ec49af3223cc56649 deps-20260715-093446
libsndfile 1.2.2 linux x86_64 libsndfile-1.2.2-linux-x86_64-f00069bb2eab.7z a2e3f9e1f712000d5c888162566c5ddf78f08b0cc1cd8402590e2dd55ae20972 deps-20260715-093446
libsndfile 1.2.2 macos aarch64 libsndfile-1.2.2-macos-aarch64-c3595d8556d5.7z 1e66a5de7f5ab94f25d9d3ce8cbfdcc0b65cafcb1b66c355f52200c73463a718 deps-20260715-093446
libsndfile 1.2.2 macos universal libsndfile-1.2.2-macos-universal-a97a61a8ef91.7z be27367c7b9dd0ecc9585ee962e00b619e65fb52b11d153d4fab9d5c2b602e07 deps-20260715-093446
libsndfile 1.2.2 macos x86_64 libsndfile-1.2.2-macos-x86_64-a1994d8d3691.7z d956d88680b0a18060c277ca4c411558feffd29b124a1980e1e92ebd434e457f deps-20260715-093446
libsndfile 1.2.2 windows aarch64 libsndfile-1.2.2-windows-aarch64-a955db8cad9d.7z f2b9981ed2452d64cff80c88bfdae017e4bf4c7edbd4e6d3d58dbb9faf9cfc0d deps-20260715-093446
libsndfile 1.2.2 windows x86_64 libsndfile-1.2.2-windows-x86_64-ad2e8940ee8d.7z 2a880521dbf5f07c5786975af3665782954571852b3841e4784b8f1e4cb4ee10 deps-20260715-093446
mpg123 1.32.10 linux aarch64 mpg123-1.32.10-linux-aarch64-c2c12d7e076c.7z a9633519c32e26039cde667d1d5cb96696704c67ada5d92ff62fde711bda13f8 deps-20260715-093446
mpg123 1.32.10 linux x86_64 mpg123-1.32.10-linux-x86_64-aee96342a042.7z 5d00aa6fb2ddc67d5e74ee613a98094aa5df74c1eb00482807cb7072cd05a1c6 deps-20260715-093446
mpg123 1.32.10 macos aarch64 mpg123-1.32.10-macos-aarch64-066bdc354c8d.7z 5693212fa0d7611b6dc8a976eb079914ec24ecfca86233e9399acbacc849a2d5 deps-20260715-093446
mpg123 1.32.10 macos universal mpg123-1.32.10-macos-universal-24e103fdbe63.7z 383a35e2ba11deb81862c29262dade9535fafa8807277b6cf0fa215eb1086d1c deps-20260715-093446
mpg123 1.32.10 macos x86_64 mpg123-1.32.10-macos-x86_64-097c2518fc96.7z 457b958e33c52dee7b631078b280aea0a497c44a7396f6a0d02fe731ab2cbe63 deps-20260715-093446
mpg123 1.32.10 windows aarch64 mpg123-1.32.10-windows-aarch64-aa4876ff741a.7z 6e07c70d064d2c84fe99995bcb0530cf4eaf838edf31e1cff5eb1533124c1725 deps-20260715-093446
mpg123 1.32.10 windows x86_64 mpg123-1.32.10-windows-x86_64-50861aaafcd6.7z 4d46ec4acd1ff5605c46670e12bd16be1c6fe126aac6be8bb35d2822edfe6961 deps-20260715-093446
nlohmann_json 3.12.0 linux aarch64 nlohmann_json-3.12.0-linux-aarch64-cf8fbce5b018.7z cb4f1e47f1186cbb8009f18bda2c016d2789537f2c1a12fa94f0db2ab0b6d1fc deps-20260715-093446
nlohmann_json 3.12.0 linux x86_64 nlohmann_json-3.12.0-linux-x86_64-2297e474ff08.7z 9a557c55ad6080238276f996daeafd3c1bb82cd5aa67e62509ffbbc3d06c7a42 deps-20260715-093446
nlohmann_json 3.12.0 macos aarch64 nlohmann_json-3.12.0-macos-aarch64-74c1cbb9ff36.7z 2a68a48e89fa8860891b7dd6c31e36811185189153e855956a8c0f6a3ad0e7cc deps-20260715-093446
nlohmann_json 3.12.0 macos universal nlohmann_json-3.12.0-macos-universal-54a5df349d07.7z a04b6179148bbc5785b2c74e8e7640284f2892e5f0b1a28d472fa4173ee47474 deps-20260715-093446
nlohmann_json 3.12.0 macos x86_64 nlohmann_json-3.12.0-macos-x86_64-0a8b870968d5.7z 3107520f555e84f342679547b0292d12a3f0a8b1c1919ad48681aa447ce307be deps-20260715-093446
nlohmann_json 3.12.0 windows aarch64 nlohmann_json-3.12.0-windows-aarch64-f612ce7cd872.7z 73ca92224966fae820013c3ab3c05c4bb37f0f713d79f5afd8a17f1326433887 deps-20260715-093446
nlohmann_json 3.12.0 windows x86_64 nlohmann_json-3.12.0-windows-x86_64-0f863d8a5701.7z a6e2f5c4cfbffccabb3e1db45c76d584db30aa14f9869a091a39ba526d10badb deps-20260715-093446
ogg 1.3.5 linux aarch64 ogg-1.3.5-linux-aarch64-ddc5c2964247.7z f7f82d8487d149afbeb689e8c8d9178f4ab6f11b9440e7a21fae5c615a6f27ff deps-20260715-093446
ogg 1.3.5 linux x86_64 ogg-1.3.5-linux-x86_64-3ca708f74846.7z 382dcd57b2d477f77604fa860cbf5c851434dba2e8a0e0b67c1cbf5af252f7bb deps-20260715-093446
ogg 1.3.5 macos aarch64 ogg-1.3.5-macos-aarch64-731749840e1e.7z eb10dcbff8ac435709cd3c61769532019e94ffb58334c22cd223e59efb056bab deps-20260715-093446
ogg 1.3.5 macos universal ogg-1.3.5-macos-universal-313f4e29845d.7z 9c710923cf3cbfc7ee46bae5444212b71fce05ec0fbef620c7d286201d9cc0ef deps-20260715-093446
ogg 1.3.5 macos x86_64 ogg-1.3.5-macos-x86_64-9b62b98be32f.7z 62af078b3f210375fb7e8772eff2e28ff3c792e3c4c9ac0d9cf48e5ed1147904 deps-20260715-093446
ogg 1.3.5 windows aarch64 ogg-1.3.5-windows-aarch64-7da059f215a9.7z 5e65d37439b5ede37a657f92bb942872f1ce4d692ac2bdb66954a1eb2b4f0004 deps-20260715-093446
ogg 1.3.5 windows x86_64 ogg-1.3.5-windows-x86_64-4827f520ebc5.7z 4a8e0795f9c6276cdb1f8b98d6f6a318af78ebe2496542939d1d4bb75bbe9cdf deps-20260715-093446
opus 1.5.2 linux aarch64 opus-1.5.2-linux-aarch64-7b0c306ca877.7z a52a3df1c85a165eb0bede93919c93e7c95c4ed262043fcc8afef9b1013db431 deps-20260715-093446
opus 1.5.2 linux x86_64 opus-1.5.2-linux-x86_64-d363544a027e.7z 7d935e235339c01eb2c0d0ea3675d7f261de4afb4e53235b3fa0e066b2d6a0ad deps-20260715-093446
opus 1.5.2 macos aarch64 opus-1.5.2-macos-aarch64-33e581cf9304.7z a3a18631011f56a6df5780f26263f8cffd8d4d0928446c9c2b415347ed4af3c3 deps-20260715-093446
opus 1.5.2 macos universal opus-1.5.2-macos-universal-60abb79b41ea.7z 8abe3510e8f5a0d9a7b6cb524f990f0d4badf84176cd7ff255f5596ab0972a5f deps-20260715-093446
opus 1.5.2 macos x86_64 opus-1.5.2-macos-x86_64-c2d157f8faeb.7z 1366456491789c18bc42c994dc19d8421909fc3a1ea4882e8d1eb7fb7ff44e75 deps-20260715-093446
opus 1.5.2 windows aarch64 opus-1.5.2-windows-aarch64-3d0d8b42bfd3.7z 32fef51280f88e7ab377f8ff58e4b410542f16dfe8328b2d3c8559f7b9430306 deps-20260715-093446
opus 1.5.2 windows x86_64 opus-1.5.2-windows-x86_64-fe6bf40d1b60.7z 686beff53ad4497d13eefd4c835a1b1f73d01bb5d8fd6fecb2915cbc82b1d812 deps-20260715-093446
opusenc 0.2.1 linux aarch64 opusenc-0.2.1-linux-aarch64-82c08b72c210.7z e7a0c04cf08afc77c50f2d28efc50654ced57c4fcefa48a96825ce09a38682fc deps-20260715-093446
opusenc 0.2.1 linux x86_64 opusenc-0.2.1-linux-x86_64-e7d933060e8e.7z 2636126ef39d64f6d6fc2ff4d7928ac5c53979a073147413c42e7ae1fe765dee deps-20260715-093446
opusenc 0.2.1 macos aarch64 opusenc-0.2.1-macos-aarch64-1e65d86e4bd6.7z 737212fdd40e990eedb546b7e8328b2fc1331ed0bb4211dc1ce6907e37d5365b deps-20260715-093446
opusenc 0.2.1 macos universal opusenc-0.2.1-macos-universal-8226fe1055dd.7z 42ff67c7982a584c93b9e6238f95b09f086fa7a6185f73af61ac9aa0414b07f8 deps-20260715-093446
opusenc 0.2.1 macos x86_64 opusenc-0.2.1-macos-x86_64-aab2c9ba00af.7z b4b4dde07436b5a097a978769d819c8143cbc32f2253d51c9c55665450581963 deps-20260715-093446
opusenc 0.2.1 windows aarch64 opusenc-0.2.1-windows-aarch64-718304c3559a.7z 8c64fdc54e659051985bb217c9ac124d25a6fc180c6f10c6abc8385b86d24298 deps-20260715-093446
opusenc 0.2.1 windows x86_64 opusenc-0.2.1-windows-x86_64-cf28ebcb04d3.7z d4d0e1a5884d6f2627010dd404526ccbcf62a5e5e47440ff5211a6597f8fc550 deps-20260715-093446
opusfile 0.12 linux aarch64 opusfile-0.12-linux-aarch64-c0ae7d6f5d7d.7z 90b87bd289229f8cc913011d5f7a3fa50b37000e0f9bcfd4d94d71f15c5b4b2c deps-20260715-093446
opusfile 0.12 linux x86_64 opusfile-0.12-linux-x86_64-89ae4ce10ef7.7z 59bceb2868e410ed2a18d1bf3a9070ff290815de1a4b99e03bbe9f19653f91df deps-20260715-093446
opusfile 0.12 macos aarch64 opusfile-0.12-macos-aarch64-90bdef113e65.7z fc5ed3983185016615951c1dc3a4767f85f7e2c9ebb9bb678ec240c6a30e62d8 deps-20260715-093446
opusfile 0.12 macos universal opusfile-0.12-macos-universal-ede691a1a68b.7z 36127993da2512140bf2a89300c5d02fbcfbdf01cb7b4454fc1a94fae5842de1 deps-20260715-093446
opusfile 0.12 macos x86_64 opusfile-0.12-macos-x86_64-e0d9d2dab1fa.7z 1720e63febe455af75cccc078019ae2d7c8498159360b16c4063a3b04f9283b4 deps-20260715-093446
opusfile 0.12 windows aarch64 opusfile-0.12-windows-aarch64-b08bd4003fec.7z 45ddb8fff132866d0f13ea8336c501049a668d68e7c166e251a3d628433690b2 deps-20260715-093446
opusfile 0.12 windows x86_64 opusfile-0.12-windows-x86_64-669b0d7e967f.7z 0bbf6fde55589cad29f3fc4daccbef42a8e71571d4d8fdaab2d8fd92a864ba39 deps-20260715-093446
pipewire 1.6.7 linux aarch64 pipewire-1.6.7-linux-aarch64-492c2b249b24.7z 65b6711308bb8c845f412901c6383e7350ce2ac73baa1c91c8bc8dc8793d6d24 deps-20260715-093446
pipewire 1.6.7 linux x86_64 pipewire-1.6.7-linux-x86_64-ac9e309c8f06.7z faabfbf054f2b278f7c19e23a2f30d7a5fb3c2a74c4e314ce4b6880c3f1c4330 deps-20260715-093446
portaudio 19.7.0 linux aarch64 portaudio-19.7.0-linux-aarch64-36c50f2967b9.7z 62d511c89ca7d4e390c3610665325f14ffc9902286ec786ece2cf15f6e47e252 deps-20260715-093446
portaudio 19.7.0 linux x86_64 portaudio-19.7.0-linux-x86_64-d75e81a6173a.7z 9c343817c800388a1cc020ec3c2ba145b2e7f0e1a14e081a6635faea58dc7416 deps-20260715-093446
portaudio 19.7.0 macos aarch64 portaudio-19.7.0-macos-aarch64-4a9dff2dde28.7z 40d2527bc87767c374fb551a270ab9b2344b1c59a5ef0a685827f1ae82813d55 deps-20260715-093446
portaudio 19.7.0 macos universal portaudio-19.7.0-macos-universal-2bab66f11cd3.7z dd371adba5834cbf697472f9f7bf4e0fc0bcb50dab8778f5bb3fe8a830cadcad deps-20260715-093446
portaudio 19.7.0 macos x86_64 portaudio-19.7.0-macos-x86_64-7bae25df710c.7z b32fa12d89e35dbbbfe1f1870420921677b101f7efe2e6e3b4b6a9d3027b1394 deps-20260715-093446
portaudio 19.7.0 windows aarch64 portaudio-19.7.0-windows-aarch64-183697dcf8bc.7z 92b4f3a935d5974775f6a4af8fa94e1973d5fe06051de99a2316ef5b6e15073a deps-20260715-093446
portaudio 19.7.0 windows x86_64 portaudio-19.7.0-windows-x86_64-8b6167b67f1b.7z a68563f78fcf2217529d6d4ccc64a1f3b5859dd0b88f6f66e6ec0b6762703a7d deps-20260715-093446
uncrustify 0.74.0 linux aarch64 uncrustify-0.74.0-linux-aarch64-ed9fcde4d23f.7z c3a760e722bd31db20ebab5e2cdd84c0afb39889ca5b445bbc4fd6bec1cf0bc6 deps-20260715-093446
uncrustify 0.74.0 linux x86_64 uncrustify-0.74.0-linux-x86_64-dc3c70e95a1a.7z 125eec77af57feac1a8f9fca59a42cd7381ac9482ed8a05f9d87c0e45b8afcfe deps-20260715-093446
uncrustify 0.74.0 macos aarch64 uncrustify-0.74.0-macos-aarch64-27044baad2c7.7z c1e4dfaf3f695fb27c623f1d19c95141920dd5968554321ddff5dd7f56c380e6 deps-20260715-093446
uncrustify 0.74.0 macos universal uncrustify-0.74.0-macos-universal-3b950b12de8c.7z 6d38de89af6da78a80c8415d12f5ffe31a6ee19bc27b25971a67421d326621e7 deps-20260715-093446
uncrustify 0.74.0 macos x86_64 uncrustify-0.74.0-macos-x86_64-3fbdcd2a8d50.7z 6bbae38c840d744cf93b01ecdbdac9c95dc7aad2e780afcd356692a77aee64aa deps-20260715-093446
uncrustify 0.74.0 windows aarch64 uncrustify-0.74.0-windows-aarch64-2133479b9b87.7z 5f739645085f8551ad4ec38119d70c1ee5c908ae6dfbf42ef311b53d787af5ab deps-20260715-093446
uncrustify 0.74.0 windows x86_64 uncrustify-0.74.0-windows-x86_64-c906d5e9a582.7z 5e9c0c69d4523c57f207ce6b84ada8dfd906196a5e5954bf85e838c6de392a93 deps-20260715-093446
vorbis 1.3.7 linux aarch64 vorbis-1.3.7-linux-aarch64-52f4fa195a80.7z 5a399e26bf1d9cb7276d0a12f30d55de2ca3cf5d22e1138fe2096e32b5a1247a deps-20260715-093446
vorbis 1.3.7 linux x86_64 vorbis-1.3.7-linux-x86_64-b15bdb2d6564.7z 169991f0b3a260d53c508a79c1ffdd0b030326b52de8a4f25d34f531e7791149 deps-20260715-093446
vorbis 1.3.7 macos aarch64 vorbis-1.3.7-macos-aarch64-011738b877b8.7z 32b024ade5c94ad97e300083249f21e189492af0091a09d8f975ad79cac8ea90 deps-20260715-093446
vorbis 1.3.7 macos universal vorbis-1.3.7-macos-universal-ecd1da69d339.7z 717777623b57e9f1ebd8957b1382d6573d49dfc691f5c8689fe8633a28cae0d1 deps-20260715-093446
vorbis 1.3.7 macos x86_64 vorbis-1.3.7-macos-x86_64-063649953150.7z 2741ae4a36d05be03ea854001c7eddcb4a316bde6020a38392e68f4a0546285a deps-20260715-093446
vorbis 1.3.7 windows aarch64 vorbis-1.3.7-windows-aarch64-de3ca7fee683.7z 7df0be09b930be4272363fb00a266c83e003c6a96df84b62655e5eb6e6306d3d deps-20260715-093446
vorbis 1.3.7 windows x86_64 vorbis-1.3.7-windows-x86_64-6e8266383b57.7z 6ef8c049c6cdd3f0165eed9a49ebf73b52f73ef5358606c06b0ad46df25e3661 deps-20260715-093446
wavpack 5.7.0 linux aarch64 wavpack-5.7.0-linux-aarch64-c593a95a6430.7z e5d681d6b9b17998f9b1fced6b5e61fccee98f36f94c98fcbfc7790eceeae091 deps-20260715-093446
wavpack 5.7.0 linux x86_64 wavpack-5.7.0-linux-x86_64-e675ae59c2f3.7z 7d2a35dd5d369bbfe1bc14909b8853b965f1ab6840e4418778aabebc0a8ffd50 deps-20260715-093446
wavpack 5.7.0 macos aarch64 wavpack-5.7.0-macos-aarch64-6bfa45b0c527.7z 4e47b4773d5f5b975774593805aa6648c637f781ea13b91f94ec0e390fb15567 deps-20260715-093446
wavpack 5.7.0 macos universal wavpack-5.7.0-macos-universal-20afe63fa9c1.7z 53b818465f3a9cadf755070324688759a7785d9e643b297f5bb2b7a826456bb4 deps-20260715-093446
wavpack 5.7.0 macos x86_64 wavpack-5.7.0-macos-x86_64-62b32fdef20a.7z 265a662ce7f14aa9f27d6611aa3dae5bbfa25ce80aaadd7e60d0772dd4b31939 deps-20260715-093446
wavpack 5.7.0 windows aarch64 wavpack-5.7.0-windows-aarch64-e147debfcc69.7z bf72bc8abe00313d246ed732622feb482e13c52c2521ba2be6b518037e74cf33 deps-20260715-093446
wavpack 5.7.0 windows x86_64 wavpack-5.7.0-windows-x86_64-ed57d641830d.7z ed03dffe800fc0653fe2b61baea7200b4b4e0652eeb60b66a92dc1f8b3d60cbf deps-20260715-093446
wxwidgets 3.2.6 linux aarch64 wxwidgets-3.2.6-linux-aarch64-529c29148b53.7z 86e568513db47fd5940c55c3a3b84fcb7b8d549b1b4ac8aa7f554c816989cbcb deps-20260715-093446
wxwidgets 3.2.6 linux x86_64 wxwidgets-3.2.6-linux-x86_64-5d9933ca7858.7z e7d0e4dbe5a113e354c70b937d99243e678f9f1b5f9c297614f278f7f1cf1be1 deps-20260715-093446
wxwidgets 3.2.6 macos aarch64 wxwidgets-3.2.6-macos-aarch64-5a8168e1bd1e.7z 15619b42c3539433ffc8abd6d9cdf51e08c712e5fa41f51e044d9c022250ff7b deps-20260715-093446
wxwidgets 3.2.6 macos universal wxwidgets-3.2.6-macos-universal-9effb5e3060a.7z 55c55993fdfda7819a3d37d7981fa165669cbada267060209a2208993ae31ce0 deps-20260715-093446
wxwidgets 3.2.6 macos x86_64 wxwidgets-3.2.6-macos-x86_64-29aa8220dcd1.7z dc6bd68a7b4bc21d5427a1bd65712e6084b75f19e04fe3a7d6cdbf6fabea4a5b deps-20260715-093446
wxwidgets 3.2.6 windows aarch64 wxwidgets-3.2.6-windows-aarch64-17693a40bdfc.7z 5e8b5dbfa7bbef4bdca4049ea26b52af5c5ed2e575f716a2116a5070c7b81442 deps-20260715-093446
wxwidgets 3.2.6 windows x86_64 wxwidgets-3.2.6-windows-x86_64-27c91b26ab2b.7z 2249774da95729b7daeadb775db4e4e887960ac92815a0374a8b86d81ed5f8d8 deps-20260715-093446
yasm 1.3.0 windows x86_64 yasm-1.3.0-windows-x86_64-d063a99156ea.7z d3ddafded4b855987ed0126c416ff7bc6689b40cacb1f562f801b5f8872aab08 deps-20260715-093446
zlib 1.3.1 linux aarch64 zlib-1.3.1-linux-aarch64-2e837327a69d.7z 5a5527269aa8b276b6d37dcaf5ee49fd5e551be9549a73b67512006aaa5d8de2 deps-20260715-093446
zlib 1.3.1 linux x86_64 zlib-1.3.1-linux-x86_64-3f45fc9779c1.7z 454d83d6b010463397b7025af99173e5e16a1b038c8f2e7825039c232ac9de78 deps-20260715-093446
zlib 1.3.1 macos aarch64 zlib-1.3.1-macos-aarch64-ef023962c33f.7z a521058ea9a14e28efad62648cc8b8807c0c0e80b6007620c092e06a4b17a195 deps-20260715-093446
zlib 1.3.1 macos universal zlib-1.3.1-macos-universal-2cb395d78f48.7z a6b7d1ae4117bfecb5cefb3c1f5176439785be362b5b24fae73f2d31a65b44ff deps-20260715-093446
zlib 1.3.1 macos x86_64 zlib-1.3.1-macos-x86_64-7427cb06ffe5.7z 9ae1fc76e626dd736da468571dde237ae24d9ca8e9213958b2670a947699c616 deps-20260715-093446
zlib 1.3.1 windows aarch64 zlib-1.3.1-windows-aarch64-ee7b51e2d591.7z 5710684589b68967f8123afc81c0131911d835ae28be26c96211d60ce40e5b12 deps-20260715-093446
zlib 1.3.1 windows x86_64 zlib-1.3.1-windows-x86_64-d592736a4b79.7z 5022fdb504ae720c0768b292e8d04a77168883023becefb2752bb0e3a66ebeaa deps-20260715-093446
